// !$*UTF8*$!
{
	archiveVersion = 1;
	classes = {
	};
	objectVersion = 56;
	objects = {

/* Begin PBXBuildFile section */
		2EFA32822360F693993574B5 /* src/Driver.cpp in Sources */ = {isa = PBXBuildFile; fileRef = 5DDE2A15D9EE0C25BD5AD95D /* src/Driver.cpp */; };
		459207E770670395CD159E3F /* src/Lexer.cpp in Sources */ = {isa = PBXBuildFile; fileRef = FE47CF548A3B1179A4DCAF2A /* src/Lexer.cpp */; };
		37CCF4F7D7B685108ED7428C /* src/Parser.cpp in Sources */ = {isa = PBXBuildFile; fileRef = D1969E74B0CAD015E21EC275 /* src/Parser.cpp */; };
		60F584B97A62EDC500AEA492 /* src/Preprocessor.cpp in Sources */ = {isa = PBXBuildFile; fileRef = BF08083BB3B3BC67FEE9D031 /* src/Preprocessor.cpp */; };
		4DF270A0B90401FAEC6AEC2B /* src/Source.cpp in Sources */ = {isa = PBXBuildFile; fileRef = DC11C95C37A1025A235F0067 /* src/Source.cpp */; };
		210848BEEFD7E63C0081F0C0 /* src/Type.cpp in Sources */ = {isa = PBXBuildFile; fileRef = 9EB4C05CB7CE3445D6D2E006 /* src/Type.cpp */; };
		45EE789CA317AC87EA79CA38 /* src/main.cpp in Sources */ = {isa = PBXBuildFile; fileRef = 79CCE353954B8F5D7AC2BAFC /* src/main.cpp */; };
		4C2F5A81DDAA90E83FE9D217 /* src/backend/Arm64Darwin.cpp in Sources */ = {isa = PBXBuildFile; fileRef = 9BDFE2373FA7378DF4F80BDF /* src/backend/Arm64Darwin.cpp */; };
		5E82439546065F4F0D62DAFB /* src/backend/Backend.cpp in Sources */ = {isa = PBXBuildFile; fileRef = 645EA35B8B215A26CBF67ECF /* src/backend/Backend.cpp */; };
		F4A51822465FFC5B900DF322 /* src/backend/Dwarf.cpp in Sources */ = {isa = PBXBuildFile; fileRef = 6C4ACC0F41D0B9D7E275C6B1 /* src/backend/Dwarf.cpp */; };
		3F324CD254C0E3AB38D913CC /* src/backend/Masm.cpp in Sources */ = {isa = PBXBuildFile; fileRef = EEF28F8F96BA2D7C426D1A90 /* src/backend/Masm.cpp */; };
		F9E8D09554C11FE80AB6AE29 /* src/backend/Spelling.cpp in Sources */ = {isa = PBXBuildFile; fileRef = D7E9D6D370038CF19607986B /* src/backend/Spelling.cpp */; };
		11AF1371152BE5538B14B97D /* src/backend/Walker.cpp in Sources */ = {isa = PBXBuildFile; fileRef = 7B0DE471DCD8D151205271C0 /* src/backend/Walker.cpp */; };
		AC7D755DEA201042695E46FD /* src/backend/X86_64Linux.cpp in Sources */ = {isa = PBXBuildFile; fileRef = 643E8F4DEBBFAF6125941B79 /* src/backend/X86_64Linux.cpp */; };
		E47663EA3AB80E83239BF755 /* src/backend/X86_64Windows.cpp in Sources */ = {isa = PBXBuildFile; fileRef = FD9A42A898C540060089A3D2 /* src/backend/X86_64Windows.cpp */; };
/* End PBXBuildFile section */

/* Begin PBXFileReference section */
		5DDE2A15D9EE0C25BD5AD95D /* src/Driver.cpp */ = {isa = PBXFileReference; lastKnownFileType = sourcecode.cpp.cpp; path = src/Driver.cpp; sourceTree = "<group>"; };
		FE47CF548A3B1179A4DCAF2A /* src/Lexer.cpp */ = {isa = PBXFileReference; lastKnownFileType = sourcecode.cpp.cpp; path = src/Lexer.cpp; sourceTree = "<group>"; };
		D1969E74B0CAD015E21EC275 /* src/Parser.cpp */ = {isa = PBXFileReference; lastKnownFileType = sourcecode.cpp.cpp; path = src/Parser.cpp; sourceTree = "<group>"; };
		BF08083BB3B3BC67FEE9D031 /* src/Preprocessor.cpp */ = {isa = PBXFileReference; lastKnownFileType = sourcecode.cpp.cpp; path = src/Preprocessor.cpp; sourceTree = "<group>"; };
		DC11C95C37A1025A235F0067 /* src/Source.cpp */ = {isa = PBXFileReference; lastKnownFileType = sourcecode.cpp.cpp; path = src/Source.cpp; sourceTree = "<group>"; };
		9EB4C05CB7CE3445D6D2E006 /* src/Type.cpp */ = {isa = PBXFileReference; lastKnownFileType = sourcecode.cpp.cpp; path = src/Type.cpp; sourceTree = "<group>"; };
		79CCE353954B8F5D7AC2BAFC /* src/main.cpp */ = {isa = PBXFileReference; lastKnownFileType = sourcecode.cpp.cpp; path = src/main.cpp; sourceTree = "<group>"; };
		9BDFE2373FA7378DF4F80BDF /* src/backend/Arm64Darwin.cpp */ = {isa = PBXFileReference; lastKnownFileType = sourcecode.cpp.cpp; path = src/backend/Arm64Darwin.cpp; sourceTree = "<group>"; };
		645EA35B8B215A26CBF67ECF /* src/backend/Backend.cpp */ = {isa = PBXFileReference; lastKnownFileType = sourcecode.cpp.cpp; path = src/backend/Backend.cpp; sourceTree = "<group>"; };
		6C4ACC0F41D0B9D7E275C6B1 /* src/backend/Dwarf.cpp */ = {isa = PBXFileReference; lastKnownFileType = sourcecode.cpp.cpp; path = src/backend/Dwarf.cpp; sourceTree = "<group>"; };
		EEF28F8F96BA2D7C426D1A90 /* src/backend/Masm.cpp */ = {isa = PBXFileReference; lastKnownFileType = sourcecode.cpp.cpp; path = src/backend/Masm.cpp; sourceTree = "<group>"; };
		D7E9D6D370038CF19607986B /* src/backend/Spelling.cpp */ = {isa = PBXFileReference; lastKnownFileType = sourcecode.cpp.cpp; path = src/backend/Spelling.cpp; sourceTree = "<group>"; };
		7B0DE471DCD8D151205271C0 /* src/backend/Walker.cpp */ = {isa = PBXFileReference; lastKnownFileType = sourcecode.cpp.cpp; path = src/backend/Walker.cpp; sourceTree = "<group>"; };
		643E8F4DEBBFAF6125941B79 /* src/backend/X86_64Linux.cpp */ = {isa = PBXFileReference; lastKnownFileType = sourcecode.cpp.cpp; path = src/backend/X86_64Linux.cpp; sourceTree = "<group>"; };
		FD9A42A898C540060089A3D2 /* src/backend/X86_64Windows.cpp */ = {isa = PBXFileReference; lastKnownFileType = sourcecode.cpp.cpp; path = src/backend/X86_64Windows.cpp; sourceTree = "<group>"; };
		6D466734BCD2C2615432EC8B /* src/Ast.h */ = {isa = PBXFileReference; lastKnownFileType = sourcecode.c.h; path = src/Ast.h; sourceTree = "<group>"; };
		CED56FBC068E81A95CBF5955 /* src/Driver.h */ = {isa = PBXFileReference; lastKnownFileType = sourcecode.c.h; path = src/Driver.h; sourceTree = "<group>"; };
		051289C631BB18F144F5E4CD /* src/Lexer.h */ = {isa = PBXFileReference; lastKnownFileType = sourcecode.c.h; path = src/Lexer.h; sourceTree = "<group>"; };
		85A1A9354DF15CD7DFD59AEF /* src/Parser.h */ = {isa = PBXFileReference; lastKnownFileType = sourcecode.c.h; path = src/Parser.h; sourceTree = "<group>"; };
		AF28987CD1D89EA3174ADAC8 /* src/Preprocessor.h */ = {isa = PBXFileReference; lastKnownFileType = sourcecode.c.h; path = src/Preprocessor.h; sourceTree = "<group>"; };
		9444C03E6F94445D8F384A00 /* src/Source.h */ = {isa = PBXFileReference; lastKnownFileType = sourcecode.c.h; path = src/Source.h; sourceTree = "<group>"; };
		FF186BEAFA60A0A1E4795718 /* src/Type.h */ = {isa = PBXFileReference; lastKnownFileType = sourcecode.c.h; path = src/Type.h; sourceTree = "<group>"; };
		1021FDE48DB89D8DA6E45EF5 /* src/backend/Arm64Darwin.h */ = {isa = PBXFileReference; lastKnownFileType = sourcecode.c.h; path = src/backend/Arm64Darwin.h; sourceTree = "<group>"; };
		A174888C6F345D9DA33C70A7 /* src/backend/Backend.h */ = {isa = PBXFileReference; lastKnownFileType = sourcecode.c.h; path = src/backend/Backend.h; sourceTree = "<group>"; };
		8316FCA791E83CF755A11CD7 /* src/backend/Dwarf.h */ = {isa = PBXFileReference; lastKnownFileType = sourcecode.c.h; path = src/backend/Dwarf.h; sourceTree = "<group>"; };
		D3AFFC7045916B75C5A700EB /* src/backend/Masm.h */ = {isa = PBXFileReference; lastKnownFileType = sourcecode.c.h; path = src/backend/Masm.h; sourceTree = "<group>"; };
		2B15C9792A3C71B2CB92C75F /* src/backend/Spelling.h */ = {isa = PBXFileReference; lastKnownFileType = sourcecode.c.h; path = src/backend/Spelling.h; sourceTree = "<group>"; };
		4FC1534800EBC73BFB0BB7FA /* src/backend/Walker.h */ = {isa = PBXFileReference; lastKnownFileType = sourcecode.c.h; path = src/backend/Walker.h; sourceTree = "<group>"; };
		DC4DC7EA8E9AE85AD9CF6CFC /* src/backend/X86_64Linux.h */ = {isa = PBXFileReference; lastKnownFileType = sourcecode.c.h; path = src/backend/X86_64Linux.h; sourceTree = "<group>"; };
		BFA8AD25B5A2ADF52CC7EF6F /* src/backend/X86_64Windows.h */ = {isa = PBXFileReference; lastKnownFileType = sourcecode.c.h; path = src/backend/X86_64Windows.h; sourceTree = "<group>"; };
		0B2AA8C75983F5F017A0983A /* cc1i.exe */ = {isa = PBXFileReference; explicitFileType = "compiled.mach-o.executable"; includeInIndex = 0; path = cc1i.exe; sourceTree = BUILT_PRODUCTS_DIR; };
/* End PBXFileReference section */

/* Begin PBXFrameworksBuildPhase section */
		C17320A7D5BE86624954E7E6 /* Frameworks */ = {
			isa = PBXFrameworksBuildPhase;
			buildActionMask = 2147483647;
			files = (
			);
			runOnlyForDeploymentPostprocessing = 0;
		};
/* End PBXFrameworksBuildPhase section */

/* Begin PBXGroup section */
		2CBDE1638DE7607C3C97F810 = {
			isa = PBXGroup;
			children = (
				4B0B06A2278E9B8C1558E51C /* Sources */,
				B18789BED7F7BE14379028D7 /* Products */,
			);
			sourceTree = "<group>";
		};
		4B0B06A2278E9B8C1558E51C /* Sources */ = {
			isa = PBXGroup;
			children = (
				5DDE2A15D9EE0C25BD5AD95D /* src/Driver.cpp */,
				FE47CF548A3B1179A4DCAF2A /* src/Lexer.cpp */,
				D1969E74B0CAD015E21EC275 /* src/Parser.cpp */,
				BF08083BB3B3BC67FEE9D031 /* src/Preprocessor.cpp */,
				DC11C95C37A1025A235F0067 /* src/Source.cpp */,
				9EB4C05CB7CE3445D6D2E006 /* src/Type.cpp */,
				79CCE353954B8F5D7AC2BAFC /* src/main.cpp */,
				9BDFE2373FA7378DF4F80BDF /* src/backend/Arm64Darwin.cpp */,
				645EA35B8B215A26CBF67ECF /* src/backend/Backend.cpp */,
				6C4ACC0F41D0B9D7E275C6B1 /* src/backend/Dwarf.cpp */,
				EEF28F8F96BA2D7C426D1A90 /* src/backend/Masm.cpp */,
				D7E9D6D370038CF19607986B /* src/backend/Spelling.cpp */,
				7B0DE471DCD8D151205271C0 /* src/backend/Walker.cpp */,
				643E8F4DEBBFAF6125941B79 /* src/backend/X86_64Linux.cpp */,
				FD9A42A898C540060089A3D2 /* src/backend/X86_64Windows.cpp */,
				6D466734BCD2C2615432EC8B /* src/Ast.h */,
				CED56FBC068E81A95CBF5955 /* src/Driver.h */,
				051289C631BB18F144F5E4CD /* src/Lexer.h */,
				85A1A9354DF15CD7DFD59AEF /* src/Parser.h */,
				AF28987CD1D89EA3174ADAC8 /* src/Preprocessor.h */,
				9444C03E6F94445D8F384A00 /* src/Source.h */,
				FF186BEAFA60A0A1E4795718 /* src/Type.h */,
				1021FDE48DB89D8DA6E45EF5 /* src/backend/Arm64Darwin.h */,
				A174888C6F345D9DA33C70A7 /* src/backend/Backend.h */,
				8316FCA791E83CF755A11CD7 /* src/backend/Dwarf.h */,
				D3AFFC7045916B75C5A700EB /* src/backend/Masm.h */,
				2B15C9792A3C71B2CB92C75F /* src/backend/Spelling.h */,
				4FC1534800EBC73BFB0BB7FA /* src/backend/Walker.h */,
				DC4DC7EA8E9AE85AD9CF6CFC /* src/backend/X86_64Linux.h */,
				BFA8AD25B5A2ADF52CC7EF6F /* src/backend/X86_64Windows.h */,
			);
			name = Sources;
			sourceTree = "<group>";
		};
		B18789BED7F7BE14379028D7 /* Products */ = {
			isa = PBXGroup;
			children = (
				0B2AA8C75983F5F017A0983A /* cc1i.exe */,
			);
			name = Products;
			sourceTree = "<group>";
		};
/* End PBXGroup section */

/* Begin PBXNativeTarget section */
		13A704A3342D8BFA7D8B141A /* cc1i.exe */ = {
			isa = PBXNativeTarget;
			buildConfigurationList = 86FA8771671F43C8EFBA38E2;
			buildPhases = (
				8683ADFB63A0ACE16CAE32F6 /* Sources */,
				C17320A7D5BE86624954E7E6 /* Frameworks */,
				47026DBFA6971BFFE9927672 /* put the finished program in RStudio's directory */,
			);
			buildRules = (
			);
			dependencies = (
			);
			name = cc1i.exe;
			productName = cc1i.exe;
			productReference = 0B2AA8C75983F5F017A0983A /* cc1i.exe */;
			productType = "com.apple.product-type.tool";
		};
/* End PBXNativeTarget section */

/* Begin PBXProject section */
		025163E7F6988D454B729E22 /* Project object */ = {
			isa = PBXProject;
			attributes = {
				BuildIndependentTargetsInParallel = 1;
				LastUpgradeCheck = 1600;
			};
			buildConfigurationList = AFA1D5CCF3ECCBEC97EA9BFF;
			developmentRegion = en;
			hasScannedForEncodings = 0;
			knownRegions = (
				en,
				Base,
			);
			mainGroup = 2CBDE1638DE7607C3C97F810;
			productRefGroup = B18789BED7F7BE14379028D7 /* Products */;
			projectDirPath = "";
			projectRoot = "";
			targets = (
				13A704A3342D8BFA7D8B141A /* cc1i.exe */,
			);
		};
/* End PBXProject section */

/* Begin PBXShellScriptBuildPhase section */
		47026DBFA6971BFFE9927672 /* put the finished program in RStudio's directory */ = {
			isa = PBXShellScriptBuildPhase;
			alwaysOutOfDate = 1;
			buildActionMask = 2147483647;
			files = (
			);
			inputPaths = (
			);
			name = "put the finished program in RStudio's directory";
			outputPaths = (
			);
			runOnlyForDeploymentPostprocessing = 0;
			shellPath = /bin/sh;
			shellScript = "set -e\ndest=\"$SRCROOT/../RStudio\"\nmkdir -p \"$dest\"\ncp -f \"$BUILT_PRODUCTS_DIR/$PRODUCT_NAME\" \"$dest/.$PRODUCT_NAME.new\"\nmv -f \"$dest/.$PRODUCT_NAME.new\" \"$dest/$PRODUCT_NAME\"\ncodesign --force --sign - \"$dest/$PRODUCT_NAME\"\n";
		};
/* End PBXShellScriptBuildPhase section */

/* Begin PBXSourcesBuildPhase section */
		8683ADFB63A0ACE16CAE32F6 /* Sources */ = {
			isa = PBXSourcesBuildPhase;
			buildActionMask = 2147483647;
			files = (
				2EFA32822360F693993574B5 /* src/Driver.cpp in Sources */,
				459207E770670395CD159E3F /* src/Lexer.cpp in Sources */,
				37CCF4F7D7B685108ED7428C /* src/Parser.cpp in Sources */,
				60F584B97A62EDC500AEA492 /* src/Preprocessor.cpp in Sources */,
				4DF270A0B90401FAEC6AEC2B /* src/Source.cpp in Sources */,
				210848BEEFD7E63C0081F0C0 /* src/Type.cpp in Sources */,
				45EE789CA317AC87EA79CA38 /* src/main.cpp in Sources */,
				4C2F5A81DDAA90E83FE9D217 /* src/backend/Arm64Darwin.cpp in Sources */,
				5E82439546065F4F0D62DAFB /* src/backend/Backend.cpp in Sources */,
				F4A51822465FFC5B900DF322 /* src/backend/Dwarf.cpp in Sources */,
				3F324CD254C0E3AB38D913CC /* src/backend/Masm.cpp in Sources */,
				F9E8D09554C11FE80AB6AE29 /* src/backend/Spelling.cpp in Sources */,
				11AF1371152BE5538B14B97D /* src/backend/Walker.cpp in Sources */,
				AC7D755DEA201042695E46FD /* src/backend/X86_64Linux.cpp in Sources */,
				E47663EA3AB80E83239BF755 /* src/backend/X86_64Windows.cpp in Sources */,
			);
			runOnlyForDeploymentPostprocessing = 0;
		};
/* End PBXSourcesBuildPhase section */

/* Begin XCBuildConfiguration section */
		BDFE54D895E0911C14A64C26 /* Debug */ = {
			isa = XCBuildConfiguration;
			buildSettings = {
				ALWAYS_SEARCH_USER_PATHS = NO;
				OBJROOT = "$(TMPDIR)/rstudio-xcode";
				SYMROOT = "$(TMPDIR)/rstudio-xcode";
				CLANG_CXX_LANGUAGE_STANDARD = "c++14";
				CLANG_ENABLE_OBJC_ARC = YES;
				CLANG_WARN_IMPLICIT_SIGN_CONVERSION = NO;
				CODE_SIGN_STYLE = Automatic;
				GCC_TREAT_WARNINGS_AS_ERRORS = YES;
				GCC_WARN_64_TO_32_BIT_CONVERSION = NO;
				MACOSX_DEPLOYMENT_TARGET = 10.15;
				PRODUCT_NAME = cc1i.exe;
				SDKROOT = macosx;
				USER_HEADER_SEARCH_PATHS = "$(SRCROOT)/src $(SRCROOT)/lib";
				WARNING_CFLAGS = (
					"-Wall",
					"-Wextra",
					"-pedantic",
				);
				GCC_PREPROCESSOR_DEFINITIONS = "CC1_INCLUDE_DIR=\\\"$(SRCROOT)/lib\\\"";
				DEBUG_INFORMATION_FORMAT = dwarf;
				GCC_OPTIMIZATION_LEVEL = 0;
			};
			name = Debug;
		};
		5994C287114FA16945EC3EE5 /* Release */ = {
			isa = XCBuildConfiguration;
			buildSettings = {
				ALWAYS_SEARCH_USER_PATHS = NO;
				OBJROOT = "$(TMPDIR)/rstudio-xcode";
				SYMROOT = "$(TMPDIR)/rstudio-xcode";
				CLANG_CXX_LANGUAGE_STANDARD = "c++14";
				CLANG_ENABLE_OBJC_ARC = YES;
				CLANG_WARN_IMPLICIT_SIGN_CONVERSION = NO;
				CODE_SIGN_STYLE = Automatic;
				GCC_TREAT_WARNINGS_AS_ERRORS = YES;
				GCC_WARN_64_TO_32_BIT_CONVERSION = NO;
				MACOSX_DEPLOYMENT_TARGET = 10.15;
				PRODUCT_NAME = cc1i.exe;
				SDKROOT = macosx;
				USER_HEADER_SEARCH_PATHS = "$(SRCROOT)/src $(SRCROOT)/lib";
				WARNING_CFLAGS = (
					"-Wall",
					"-Wextra",
					"-pedantic",
				);
				GCC_PREPROCESSOR_DEFINITIONS = "CC1_INCLUDE_DIR=\\\"$(SRCROOT)/lib\\\"";
				DEBUG_INFORMATION_FORMAT = "dwarf-with-dsym";
				GCC_OPTIMIZATION_LEVEL = 2;
			};
			name = Release;
		};
		B1A8BBB91A09EAF44CA82E04 /* Debug */ = {
			isa = XCBuildConfiguration;
			buildSettings = {
				ALWAYS_SEARCH_USER_PATHS = NO;
				OBJROOT = "$(TMPDIR)/rstudio-xcode";
				SYMROOT = "$(TMPDIR)/rstudio-xcode";
				CLANG_CXX_LANGUAGE_STANDARD = "c++14";
				CLANG_ENABLE_OBJC_ARC = YES;
				CLANG_WARN_IMPLICIT_SIGN_CONVERSION = NO;
				CODE_SIGN_STYLE = Automatic;
				GCC_TREAT_WARNINGS_AS_ERRORS = YES;
				GCC_WARN_64_TO_32_BIT_CONVERSION = NO;
				MACOSX_DEPLOYMENT_TARGET = 10.15;
				PRODUCT_NAME = cc1i.exe;
				SDKROOT = macosx;
				USER_HEADER_SEARCH_PATHS = "$(SRCROOT)/src $(SRCROOT)/lib";
				WARNING_CFLAGS = (
					"-Wall",
					"-Wextra",
					"-pedantic",
				);
				GCC_PREPROCESSOR_DEFINITIONS = "CC1_INCLUDE_DIR=\\\"$(SRCROOT)/lib\\\"";
				DEBUG_INFORMATION_FORMAT = dwarf;
				GCC_OPTIMIZATION_LEVEL = 0;
			};
			name = Debug;
		};
		3B52C3ABB44A2CD7A124EE86 /* Release */ = {
			isa = XCBuildConfiguration;
			buildSettings = {
				ALWAYS_SEARCH_USER_PATHS = NO;
				OBJROOT = "$(TMPDIR)/rstudio-xcode";
				SYMROOT = "$(TMPDIR)/rstudio-xcode";
				CLANG_CXX_LANGUAGE_STANDARD = "c++14";
				CLANG_ENABLE_OBJC_ARC = YES;
				CLANG_WARN_IMPLICIT_SIGN_CONVERSION = NO;
				CODE_SIGN_STYLE = Automatic;
				GCC_TREAT_WARNINGS_AS_ERRORS = YES;
				GCC_WARN_64_TO_32_BIT_CONVERSION = NO;
				MACOSX_DEPLOYMENT_TARGET = 10.15;
				PRODUCT_NAME = cc1i.exe;
				SDKROOT = macosx;
				USER_HEADER_SEARCH_PATHS = "$(SRCROOT)/src $(SRCROOT)/lib";
				WARNING_CFLAGS = (
					"-Wall",
					"-Wextra",
					"-pedantic",
				);
				GCC_PREPROCESSOR_DEFINITIONS = "CC1_INCLUDE_DIR=\\\"$(SRCROOT)/lib\\\"";
				DEBUG_INFORMATION_FORMAT = "dwarf-with-dsym";
				GCC_OPTIMIZATION_LEVEL = 2;
			};
			name = Release;
		};
/* End XCBuildConfiguration section */

/* Begin XCConfigurationList section */
		AFA1D5CCF3ECCBEC97EA9BFF /* project */ = {
			isa = XCConfigurationList;
			buildConfigurations = (
				BDFE54D895E0911C14A64C26 /* Debug */,
				5994C287114FA16945EC3EE5 /* Release */,
			);
			defaultConfigurationIsVisible = 0;
			defaultConfigurationName = Debug;
		};
		86FA8771671F43C8EFBA38E2 /* target */ = {
			isa = XCConfigurationList;
			buildConfigurations = (
				B1A8BBB91A09EAF44CA82E04 /* Debug */,
				3B52C3ABB44A2CD7A124EE86 /* Release */,
			);
			defaultConfigurationIsVisible = 0;
			defaultConfigurationName = Debug;
		};
/* End XCConfigurationList section */
	};
	rootObject = 025163E7F6988D454B729E22 /* Project object */;
}
