// !$*UTF8*$!
{
	archiveVersion = 1;
	classes = {
	};
	objectVersion = 56;
	objects = {

/* Begin PBXBuildFile section */
		ADE91CF24B4D93281973FA66 /* runtime/Shortest.cpp in Sources */ = {isa = PBXBuildFile; fileRef = 07961E601B2E7B18D4FFA2EB /* runtime/Shortest.cpp */; };
		619BA2382D3C55C38DC332F5 /* src/Ast.cpp in Sources */ = {isa = PBXBuildFile; fileRef = 4067FA032414C58CDFF09197 /* src/Ast.cpp */; };
		BB9E2956B32EFABA3625329A /* src/Builtin.cpp in Sources */ = {isa = PBXBuildFile; fileRef = 4457330CFE897A6333262BC8 /* src/Builtin.cpp */; };
		5AEF009B515799C3E09F577C /* src/Check.cpp in Sources */ = {isa = PBXBuildFile; fileRef = EA1C91C3A573568CAFFA2E51 /* src/Check.cpp */; };
		E2DF0F17651DBF73CBA77084 /* src/CodeGen.cpp in Sources */ = {isa = PBXBuildFile; fileRef = 6F8333F305045625DA8F9AD2 /* src/CodeGen.cpp */; };
		D8F14E620C131B4E66C3CC37 /* src/Diag.cpp in Sources */ = {isa = PBXBuildFile; fileRef = F3BE9F99F531BED613BB75FA /* src/Diag.cpp */; };
		E8078FD1C114A929F3A89172 /* src/Driver.cpp in Sources */ = {isa = PBXBuildFile; fileRef = A26F1A3EB789D8B562D9E850 /* src/Driver.cpp */; };
		F0352AEA9474CC12BEA0AAF2 /* src/Lexer.cpp in Sources */ = {isa = PBXBuildFile; fileRef = B52EED773B7DEC9BD423B577 /* src/Lexer.cpp */; };
		FABC9AD25D09ADFFDCE241A9 /* src/Parser.cpp in Sources */ = {isa = PBXBuildFile; fileRef = FA3555B7AF0374EAD0B9BEB5 /* src/Parser.cpp */; };
		F3AB0D874E5D7CBEAB47E2CE /* src/Resolve.cpp in Sources */ = {isa = PBXBuildFile; fileRef = 0D05D5125621CE57CE82DC3E /* src/Resolve.cpp */; };
		E1DBE71064F979CFC6AD7494 /* src/Target.cpp in Sources */ = {isa = PBXBuildFile; fileRef = 424952BF3295504AE675C25B /* src/Target.cpp */; };
		48518DEF6B9A035855D3EC8B /* src/Type.cpp in Sources */ = {isa = PBXBuildFile; fileRef = 235AA93B142CE8C8F5D85904 /* src/Type.cpp */; };
		0686AC0897AA471726A714A0 /* src/backend/Arm64Darwin.cpp in Sources */ = {isa = PBXBuildFile; fileRef = 121A6282D1700165E22B17B6 /* src/backend/Arm64Darwin.cpp */; };
		C2EB00417335160D211704B0 /* src/backend/Emitter.cpp in Sources */ = {isa = PBXBuildFile; fileRef = 203F3D938FBEC0F74D9082B6 /* src/backend/Emitter.cpp */; };
		0259CB1C28AC0BC2F7F87A3F /* src/backend/Optimize.cpp in Sources */ = {isa = PBXBuildFile; fileRef = 2A79CB0C228E7D447214D950 /* src/backend/Optimize.cpp */; };
		375735E2F39E6EE8161B44BF /* src/backend/Spelling.cpp in Sources */ = {isa = PBXBuildFile; fileRef = 970F2537CE7DD71B0362F31A /* src/backend/Spelling.cpp */; };
		9F779710F713B32FD3E90C1B /* src/backend/Tms6747.cpp in Sources */ = {isa = PBXBuildFile; fileRef = 18ACF8C91B243A4921E9F39A /* src/backend/Tms6747.cpp */; };
		37FF9A130B73F12E238EC581 /* src/backend/X86_64.cpp in Sources */ = {isa = PBXBuildFile; fileRef = 7E32B3F7334D36B5EC061CFA /* src/backend/X86_64.cpp */; };
		FCF93AD2019225D111FF146B /* src/backend/X86_64Linux.cpp in Sources */ = {isa = PBXBuildFile; fileRef = CFDED3177E548D6DEF4B1313 /* src/backend/X86_64Linux.cpp */; };
		232F25F0ACD8306CF9A1DC67 /* src/backend/X86_64Windows.cpp in Sources */ = {isa = PBXBuildFile; fileRef = B1AFCFD0C64BFF1EB58BE401 /* src/backend/X86_64Windows.cpp */; };
		C2101F3FC6E45033CFAD914E /* src/main.cpp in Sources */ = {isa = PBXBuildFile; fileRef = 2600352227A308253C32D3E0 /* src/main.cpp */; };
/* End PBXBuildFile section */

/* Begin PBXFileReference section */
		07961E601B2E7B18D4FFA2EB /* runtime/Shortest.cpp */ = {isa = PBXFileReference; lastKnownFileType = sourcecode.cpp.cpp; path = runtime/Shortest.cpp; sourceTree = "<group>"; };
		4067FA032414C58CDFF09197 /* src/Ast.cpp */ = {isa = PBXFileReference; lastKnownFileType = sourcecode.cpp.cpp; path = src/Ast.cpp; sourceTree = "<group>"; };
		4457330CFE897A6333262BC8 /* src/Builtin.cpp */ = {isa = PBXFileReference; lastKnownFileType = sourcecode.cpp.cpp; path = src/Builtin.cpp; sourceTree = "<group>"; };
		EA1C91C3A573568CAFFA2E51 /* src/Check.cpp */ = {isa = PBXFileReference; lastKnownFileType = sourcecode.cpp.cpp; path = src/Check.cpp; sourceTree = "<group>"; };
		6F8333F305045625DA8F9AD2 /* src/CodeGen.cpp */ = {isa = PBXFileReference; lastKnownFileType = sourcecode.cpp.cpp; path = src/CodeGen.cpp; sourceTree = "<group>"; };
		F3BE9F99F531BED613BB75FA /* src/Diag.cpp */ = {isa = PBXFileReference; lastKnownFileType = sourcecode.cpp.cpp; path = src/Diag.cpp; sourceTree = "<group>"; };
		A26F1A3EB789D8B562D9E850 /* src/Driver.cpp */ = {isa = PBXFileReference; lastKnownFileType = sourcecode.cpp.cpp; path = src/Driver.cpp; sourceTree = "<group>"; };
		B52EED773B7DEC9BD423B577 /* src/Lexer.cpp */ = {isa = PBXFileReference; lastKnownFileType = sourcecode.cpp.cpp; path = src/Lexer.cpp; sourceTree = "<group>"; };
		FA3555B7AF0374EAD0B9BEB5 /* src/Parser.cpp */ = {isa = PBXFileReference; lastKnownFileType = sourcecode.cpp.cpp; path = src/Parser.cpp; sourceTree = "<group>"; };
		0D05D5125621CE57CE82DC3E /* src/Resolve.cpp */ = {isa = PBXFileReference; lastKnownFileType = sourcecode.cpp.cpp; path = src/Resolve.cpp; sourceTree = "<group>"; };
		424952BF3295504AE675C25B /* src/Target.cpp */ = {isa = PBXFileReference; lastKnownFileType = sourcecode.cpp.cpp; path = src/Target.cpp; sourceTree = "<group>"; };
		235AA93B142CE8C8F5D85904 /* src/Type.cpp */ = {isa = PBXFileReference; lastKnownFileType = sourcecode.cpp.cpp; path = src/Type.cpp; sourceTree = "<group>"; };
		121A6282D1700165E22B17B6 /* src/backend/Arm64Darwin.cpp */ = {isa = PBXFileReference; lastKnownFileType = sourcecode.cpp.cpp; path = src/backend/Arm64Darwin.cpp; sourceTree = "<group>"; };
		203F3D938FBEC0F74D9082B6 /* src/backend/Emitter.cpp */ = {isa = PBXFileReference; lastKnownFileType = sourcecode.cpp.cpp; path = src/backend/Emitter.cpp; sourceTree = "<group>"; };
		2A79CB0C228E7D447214D950 /* src/backend/Optimize.cpp */ = {isa = PBXFileReference; lastKnownFileType = sourcecode.cpp.cpp; path = src/backend/Optimize.cpp; sourceTree = "<group>"; };
		970F2537CE7DD71B0362F31A /* src/backend/Spelling.cpp */ = {isa = PBXFileReference; lastKnownFileType = sourcecode.cpp.cpp; path = src/backend/Spelling.cpp; sourceTree = "<group>"; };
		18ACF8C91B243A4921E9F39A /* src/backend/Tms6747.cpp */ = {isa = PBXFileReference; lastKnownFileType = sourcecode.cpp.cpp; path = src/backend/Tms6747.cpp; sourceTree = "<group>"; };
		7E32B3F7334D36B5EC061CFA /* src/backend/X86_64.cpp */ = {isa = PBXFileReference; lastKnownFileType = sourcecode.cpp.cpp; path = src/backend/X86_64.cpp; sourceTree = "<group>"; };
		CFDED3177E548D6DEF4B1313 /* src/backend/X86_64Linux.cpp */ = {isa = PBXFileReference; lastKnownFileType = sourcecode.cpp.cpp; path = src/backend/X86_64Linux.cpp; sourceTree = "<group>"; };
		B1AFCFD0C64BFF1EB58BE401 /* src/backend/X86_64Windows.cpp */ = {isa = PBXFileReference; lastKnownFileType = sourcecode.cpp.cpp; path = src/backend/X86_64Windows.cpp; sourceTree = "<group>"; };
		2600352227A308253C32D3E0 /* src/main.cpp */ = {isa = PBXFileReference; lastKnownFileType = sourcecode.cpp.cpp; path = src/main.cpp; sourceTree = "<group>"; };
		3D6851E062635089428C493F /* runtime/Debug.h */ = {isa = PBXFileReference; lastKnownFileType = sourcecode.c.h; path = runtime/Debug.h; sourceTree = "<group>"; };
		85FA10D961E97269E86E4428 /* runtime/Internal.h */ = {isa = PBXFileReference; lastKnownFileType = sourcecode.c.h; path = runtime/Internal.h; sourceTree = "<group>"; };
		BDFBE0B3333BB3906194C30A /* runtime/Shortest.h */ = {isa = PBXFileReference; lastKnownFileType = sourcecode.c.h; path = runtime/Shortest.h; sourceTree = "<group>"; };
		386871FA1304A2D0C218AFB1 /* runtime/shmrt.h */ = {isa = PBXFileReference; lastKnownFileType = sourcecode.c.h; path = runtime/shmrt.h; sourceTree = "<group>"; };
		7EA0542E98571CB6CD11E366 /* src/Ast.h */ = {isa = PBXFileReference; lastKnownFileType = sourcecode.c.h; path = src/Ast.h; sourceTree = "<group>"; };
		75A673AB6AB4AB0CF74B6465 /* src/Builtin.h */ = {isa = PBXFileReference; lastKnownFileType = sourcecode.c.h; path = src/Builtin.h; sourceTree = "<group>"; };
		13F0893D814B67D40ED6C924 /* src/Check.h */ = {isa = PBXFileReference; lastKnownFileType = sourcecode.c.h; path = src/Check.h; sourceTree = "<group>"; };
		15B4AD896B9C05FF0BA87B16 /* src/CodeGen.h */ = {isa = PBXFileReference; lastKnownFileType = sourcecode.c.h; path = src/CodeGen.h; sourceTree = "<group>"; };
		AAD2F7CAA0B71CDEE53CE8BE /* src/Diag.h */ = {isa = PBXFileReference; lastKnownFileType = sourcecode.c.h; path = src/Diag.h; sourceTree = "<group>"; };
		2280001DC1248F57B1541FE9 /* src/Driver.h */ = {isa = PBXFileReference; lastKnownFileType = sourcecode.c.h; path = src/Driver.h; sourceTree = "<group>"; };
		3160DBD7EE61B0F41603D76B /* src/Name.h */ = {isa = PBXFileReference; lastKnownFileType = sourcecode.c.h; path = src/Name.h; sourceTree = "<group>"; };
		331ADA57717C9DEC731214D5 /* src/Parser.h */ = {isa = PBXFileReference; lastKnownFileType = sourcecode.c.h; path = src/Parser.h; sourceTree = "<group>"; };
		BF0C518B2C13AD59AF16AA29 /* src/Resolve.h */ = {isa = PBXFileReference; lastKnownFileType = sourcecode.c.h; path = src/Resolve.h; sourceTree = "<group>"; };
		4DB86047D3C4B2368E95A6C5 /* src/Target.h */ = {isa = PBXFileReference; lastKnownFileType = sourcecode.c.h; path = src/Target.h; sourceTree = "<group>"; };
		0B71C71F8A817B28200443F2 /* src/Token.h */ = {isa = PBXFileReference; lastKnownFileType = sourcecode.c.h; path = src/Token.h; sourceTree = "<group>"; };
		E86F01A30D42CC8510B11DCD /* src/Type.h */ = {isa = PBXFileReference; lastKnownFileType = sourcecode.c.h; path = src/Type.h; sourceTree = "<group>"; };
		3EDCB2C7EC31DA2D6421BFCE /* src/backend/Arm64Darwin.h */ = {isa = PBXFileReference; lastKnownFileType = sourcecode.c.h; path = src/backend/Arm64Darwin.h; sourceTree = "<group>"; };
		16EFA56AB1789A15905325CC /* src/backend/Emitter.h */ = {isa = PBXFileReference; lastKnownFileType = sourcecode.c.h; path = src/backend/Emitter.h; sourceTree = "<group>"; };
		3467E2D0A8697EC188257DE5 /* src/backend/Ins.h */ = {isa = PBXFileReference; lastKnownFileType = sourcecode.c.h; path = src/backend/Ins.h; sourceTree = "<group>"; };
		C3C8E283DEF130DE9AA1A060 /* src/backend/Optimize.h */ = {isa = PBXFileReference; lastKnownFileType = sourcecode.c.h; path = src/backend/Optimize.h; sourceTree = "<group>"; };
		FD139D13B66F77CF25A29BCC /* src/backend/Spelling.h */ = {isa = PBXFileReference; lastKnownFileType = sourcecode.c.h; path = src/backend/Spelling.h; sourceTree = "<group>"; };
		0F8A904D6EB0320051F6FF88 /* src/backend/Tms6747.h */ = {isa = PBXFileReference; lastKnownFileType = sourcecode.c.h; path = src/backend/Tms6747.h; sourceTree = "<group>"; };
		56CB0E546198314CA3996062 /* src/backend/X86_64.h */ = {isa = PBXFileReference; lastKnownFileType = sourcecode.c.h; path = src/backend/X86_64.h; sourceTree = "<group>"; };
		03DFEBBAE56C686B2916365B /* src/backend/X86_64Linux.h */ = {isa = PBXFileReference; lastKnownFileType = sourcecode.c.h; path = src/backend/X86_64Linux.h; sourceTree = "<group>"; };
		6FC6CF63304FA4187CE297E1 /* src/backend/X86_64Windows.h */ = {isa = PBXFileReference; lastKnownFileType = sourcecode.c.h; path = src/backend/X86_64Windows.h; sourceTree = "<group>"; };
		CC672FE3254F928D91AE2865 /* shalimar.exe */ = {isa = PBXFileReference; explicitFileType = "compiled.mach-o.executable"; includeInIndex = 0; path = shalimar.exe; sourceTree = BUILT_PRODUCTS_DIR; };
		5F957A5E5CC31B9A862D8527 /* cpp11.exe.xcodeproj */ = {isa = PBXFileReference; lastKnownFileType = "wrapper.pb-project"; name = cpp11.exe.xcodeproj; path = "../Compiler-Cppi/cxx1.xcodeproj"; sourceTree = "<group>"; };
/* End PBXFileReference section */

/* Begin PBXContainerItemProxy section */
		0A16C0004D3DB6B6CC5AC329 /* PBXContainerItemProxy */ = {
			isa = PBXContainerItemProxy;
			containerPortal = 5F957A5E5CC31B9A862D8527 /* cpp11.exe.xcodeproj */;
			proxyType = 2;
			remoteGlobalIDString = 2DC24FDB4CCDA14233AB5364;
			remoteInfo = cpp11.exe;
		};
		A89DCDEDB2F6146E6DA1B8DB /* PBXContainerItemProxy */ = {
			isa = PBXContainerItemProxy;
			containerPortal = 5F957A5E5CC31B9A862D8527 /* cpp11.exe.xcodeproj */;
			proxyType = 1;
			remoteGlobalIDString = FC5035A3144E3FE75BF41BA5;
			remoteInfo = cpp11.exe;
		};
/* End PBXContainerItemProxy section */

/* Begin PBXFrameworksBuildPhase section */
		D960DD805855EA23694821F2 /* Frameworks */ = {
			isa = PBXFrameworksBuildPhase;
			buildActionMask = 2147483647;
			files = (
			);
			runOnlyForDeploymentPostprocessing = 0;
		};
/* End PBXFrameworksBuildPhase section */

/* Begin PBXGroup section */
		DC139D45AB290E17728CE241 = {
			isa = PBXGroup;
			children = (
				C830457CB0150BDDAC43CE58 /* Sources */,
				5F957A5E5CC31B9A862D8527 /* cpp11.exe.xcodeproj */,
				F055BEE628E49D0E2DB2AA13 /* Products */,
			);
			sourceTree = "<group>";
		};
		C830457CB0150BDDAC43CE58 /* Sources */ = {
			isa = PBXGroup;
			children = (
				07961E601B2E7B18D4FFA2EB /* runtime/Shortest.cpp */,
				4067FA032414C58CDFF09197 /* src/Ast.cpp */,
				4457330CFE897A6333262BC8 /* src/Builtin.cpp */,
				EA1C91C3A573568CAFFA2E51 /* src/Check.cpp */,
				6F8333F305045625DA8F9AD2 /* src/CodeGen.cpp */,
				F3BE9F99F531BED613BB75FA /* src/Diag.cpp */,
				A26F1A3EB789D8B562D9E850 /* src/Driver.cpp */,
				B52EED773B7DEC9BD423B577 /* src/Lexer.cpp */,
				FA3555B7AF0374EAD0B9BEB5 /* src/Parser.cpp */,
				0D05D5125621CE57CE82DC3E /* src/Resolve.cpp */,
				424952BF3295504AE675C25B /* src/Target.cpp */,
				235AA93B142CE8C8F5D85904 /* src/Type.cpp */,
				121A6282D1700165E22B17B6 /* src/backend/Arm64Darwin.cpp */,
				203F3D938FBEC0F74D9082B6 /* src/backend/Emitter.cpp */,
				2A79CB0C228E7D447214D950 /* src/backend/Optimize.cpp */,
				970F2537CE7DD71B0362F31A /* src/backend/Spelling.cpp */,
				18ACF8C91B243A4921E9F39A /* src/backend/Tms6747.cpp */,
				7E32B3F7334D36B5EC061CFA /* src/backend/X86_64.cpp */,
				CFDED3177E548D6DEF4B1313 /* src/backend/X86_64Linux.cpp */,
				B1AFCFD0C64BFF1EB58BE401 /* src/backend/X86_64Windows.cpp */,
				2600352227A308253C32D3E0 /* src/main.cpp */,
				3D6851E062635089428C493F /* runtime/Debug.h */,
				85FA10D961E97269E86E4428 /* runtime/Internal.h */,
				BDFBE0B3333BB3906194C30A /* runtime/Shortest.h */,
				386871FA1304A2D0C218AFB1 /* runtime/shmrt.h */,
				7EA0542E98571CB6CD11E366 /* src/Ast.h */,
				75A673AB6AB4AB0CF74B6465 /* src/Builtin.h */,
				13F0893D814B67D40ED6C924 /* src/Check.h */,
				15B4AD896B9C05FF0BA87B16 /* src/CodeGen.h */,
				AAD2F7CAA0B71CDEE53CE8BE /* src/Diag.h */,
				2280001DC1248F57B1541FE9 /* src/Driver.h */,
				3160DBD7EE61B0F41603D76B /* src/Name.h */,
				331ADA57717C9DEC731214D5 /* src/Parser.h */,
				BF0C518B2C13AD59AF16AA29 /* src/Resolve.h */,
				4DB86047D3C4B2368E95A6C5 /* src/Target.h */,
				0B71C71F8A817B28200443F2 /* src/Token.h */,
				E86F01A30D42CC8510B11DCD /* src/Type.h */,
				3EDCB2C7EC31DA2D6421BFCE /* src/backend/Arm64Darwin.h */,
				16EFA56AB1789A15905325CC /* src/backend/Emitter.h */,
				3467E2D0A8697EC188257DE5 /* src/backend/Ins.h */,
				C3C8E283DEF130DE9AA1A060 /* src/backend/Optimize.h */,
				FD139D13B66F77CF25A29BCC /* src/backend/Spelling.h */,
				0F8A904D6EB0320051F6FF88 /* src/backend/Tms6747.h */,
				56CB0E546198314CA3996062 /* src/backend/X86_64.h */,
				03DFEBBAE56C686B2916365B /* src/backend/X86_64Linux.h */,
				6FC6CF63304FA4187CE297E1 /* src/backend/X86_64Windows.h */,
			);
			name = Sources;
			sourceTree = "<group>";
		};
		F055BEE628E49D0E2DB2AA13 /* Products */ = {
			isa = PBXGroup;
			children = (
				CC672FE3254F928D91AE2865 /* shalimar.exe */,
			);
			name = Products;
			sourceTree = "<group>";
		};
		81146BB4D4927EF6F06114A6 /* Products */ = {
			isa = PBXGroup;
			children = (
				C35E51E2EB854B4AE8679923 /* cpp11.exe */,
			);
			name = Products;
			sourceTree = "<group>";
		};
/* End PBXGroup section */

/* Begin PBXReferenceProxy section */
		C35E51E2EB854B4AE8679923 /* cpp11.exe */ = {
			isa = PBXReferenceProxy;
			fileType = "compiled.mach-o.executable";
			path = cpp11.exe;
			remoteRef = 0A16C0004D3DB6B6CC5AC329 /* PBXContainerItemProxy */;
			sourceTree = BUILT_PRODUCTS_DIR;
		};
/* End PBXReferenceProxy section */

/* Begin PBXNativeTarget section */
		F6440263CC8FDF9D2B83AC61 /* shalimar.exe */ = {
			isa = PBXNativeTarget;
			buildConfigurationList = 87D0DE5B5A8602FA433E1072;
			buildPhases = (
				C1FA00685839847297E1B514 /* Sources */,
				D960DD805855EA23694821F2 /* Frameworks */,
				9A8A8FDEC164C7011E6A66D9 /* the Shalimar runtime, beside shalimar.exe */,
				74B2C86A7C8C35421E0E6280 /* put the finished program in RIDE's directory */,
			);
			buildRules = (
			);
			dependencies = (
				0751F55E180DB91E8C5FF333 /* PBXTargetDependency */,
			);
			name = shalimar.exe;
			productName = shalimar.exe;
			productReference = CC672FE3254F928D91AE2865 /* shalimar.exe */;
			productType = "com.apple.product-type.tool";
		};
/* End PBXNativeTarget section */

/* Begin PBXTargetDependency section */
		0751F55E180DB91E8C5FF333 /* PBXTargetDependency */ = {
			isa = PBXTargetDependency;
			name = cpp11.exe;
			targetProxy = A89DCDEDB2F6146E6DA1B8DB /* PBXContainerItemProxy */;
		};
/* End PBXTargetDependency section */

/* Begin PBXProject section */
		1EB9FA9C539D73E017D600A4 /* Project object */ = {
			isa = PBXProject;
			attributes = {
				BuildIndependentTargetsInParallel = 1;
				LastUpgradeCheck = 1600;
			};
			buildConfigurationList = D7985EC3A1969C0543F0D985;
			developmentRegion = en;
			hasScannedForEncodings = 0;
			knownRegions = (
				en,
				Base,
			);
			mainGroup = DC139D45AB290E17728CE241;
			productRefGroup = F055BEE628E49D0E2DB2AA13 /* Products */;
			projectDirPath = "";
			projectReferences = (
				{
					ProductGroup = 81146BB4D4927EF6F06114A6 /* Products */;
					ProjectRef = 5F957A5E5CC31B9A862D8527 /* cpp11.exe.xcodeproj */;
				},
			);
			projectRoot = "";
			targets = (
				F6440263CC8FDF9D2B83AC61 /* shalimar.exe */,
			);
		};
/* End PBXProject section */

/* Begin PBXShellScriptBuildPhase section */
		9A8A8FDEC164C7011E6A66D9 /* the Shalimar runtime, beside shalimar.exe */ = {
			isa = PBXShellScriptBuildPhase;
			buildActionMask = 2147483647;
			files = (
			);
			inputPaths = (
				"$(SRCROOT)/runtime/Shortest.cpp",
				"$(SRCROOT)/runtime/Failure.cpp",
				"$(SRCROOT)/runtime/Numbers.cpp",
				"$(SRCROOT)/runtime/Array.cpp",
				"$(SRCROOT)/runtime/Console.cpp",
				"$(SRCROOT)/runtime/Runtime.cpp",
				"$(SRCROOT)/runtime/Debug.cpp",
				"$(SRCROOT)/runtime/shmrt.h",
				"$(SRCROOT)/runtime/Internal.h",
				"$(SRCROOT)/runtime/Shortest.h",
				"$(SRCROOT)/runtime/Debug.h",
				"$(BUILT_PRODUCTS_DIR)/cpp11.exe",
			);
			name = "the Shalimar runtime, beside shalimar.exe";
			outputPaths = (
				"$(BUILT_PRODUCTS_DIR)/lib/shmrt-arm64-darwin.a",
				"$(BUILT_PRODUCTS_DIR)/lib/shmrt-arm64-darwin-debug.a",
				"$(BUILT_PRODUCTS_DIR)/lib/shmrt-tms6747/Shortest.s",
				"$(BUILT_PRODUCTS_DIR)/lib/shmrt-tms6747/Failure.s",
				"$(BUILT_PRODUCTS_DIR)/lib/shmrt-tms6747/Numbers.s",
				"$(BUILT_PRODUCTS_DIR)/lib/shmrt-tms6747/Array.s",
				"$(BUILT_PRODUCTS_DIR)/lib/shmrt-tms6747/Console.s",
				"$(BUILT_PRODUCTS_DIR)/lib/shmrt-tms6747/Runtime.s",
			);
			runOnlyForDeploymentPostprocessing = 0;
			shellPath = /bin/sh;
			shellScript = "set -e\ncxx=\"$(xcrun --find clang++)\"\nar=\"$(xcrun --find ar)\"\nflags=\"-std=c++14 -Wall -Wextra -Werror -pedantic -O2\"\nlib=\"$BUILT_PRODUCTS_DIR/lib\"\nmkdir -p \"$lib\"\nmkdir -p \"$DERIVED_FILE_DIR/runtime\"\n\"$cxx\" $flags -c \"$SRCROOT/runtime/Shortest.cpp\" -o \"$DERIVED_FILE_DIR/runtime/Shortest.o\"\n\"$cxx\" $flags -c \"$SRCROOT/runtime/Failure.cpp\" -o \"$DERIVED_FILE_DIR/runtime/Failure.o\"\n\"$cxx\" $flags -c \"$SRCROOT/runtime/Numbers.cpp\" -o \"$DERIVED_FILE_DIR/runtime/Numbers.o\"\n\"$cxx\" $flags -c \"$SRCROOT/runtime/Array.cpp\" -o \"$DERIVED_FILE_DIR/runtime/Array.o\"\n\"$cxx\" $flags -c \"$SRCROOT/runtime/Console.cpp\" -o \"$DERIVED_FILE_DIR/runtime/Console.o\"\n\"$cxx\" $flags -c \"$SRCROOT/runtime/Runtime.cpp\" -o \"$DERIVED_FILE_DIR/runtime/Runtime.o\"\nrm -f \"$lib/shmrt-arm64-darwin.a\"\n\"$ar\" rcs \"$lib/shmrt-arm64-darwin.a\" \"$DERIVED_FILE_DIR/runtime\"/*.o\nmkdir -p \"$DERIVED_FILE_DIR/runtime-debug\"\n\"$cxx\" $flags -DSHM_DEBUG=1 -c \"$SRCROOT/runtime/Shortest.cpp\" -o \"$DERIVED_FILE_DIR/runtime-debug/Shortest.o\"\n\"$cxx\" $flags -DSHM_DEBUG=1 -c \"$SRCROOT/runtime/Failure.cpp\" -o \"$DERIVED_FILE_DIR/runtime-debug/Failure.o\"\n\"$cxx\" $flags -DSHM_DEBUG=1 -c \"$SRCROOT/runtime/Numbers.cpp\" -o \"$DERIVED_FILE_DIR/runtime-debug/Numbers.o\"\n\"$cxx\" $flags -DSHM_DEBUG=1 -c \"$SRCROOT/runtime/Array.cpp\" -o \"$DERIVED_FILE_DIR/runtime-debug/Array.o\"\n\"$cxx\" $flags -DSHM_DEBUG=1 -c \"$SRCROOT/runtime/Console.cpp\" -o \"$DERIVED_FILE_DIR/runtime-debug/Console.o\"\n\"$cxx\" $flags -DSHM_DEBUG=1 -c \"$SRCROOT/runtime/Runtime.cpp\" -o \"$DERIVED_FILE_DIR/runtime-debug/Runtime.o\"\n\"$cxx\" $flags -DSHM_DEBUG=1 -c \"$SRCROOT/runtime/Debug.cpp\" -o \"$DERIVED_FILE_DIR/runtime-debug/Debug.o\"\nrm -f \"$lib/shmrt-arm64-darwin-debug.a\"\n\"$ar\" rcs \"$lib/shmrt-arm64-darwin-debug.a\" \"$DERIVED_FILE_DIR/runtime-debug\"/*.o\ncpp11=\"$BUILT_PRODUCTS_DIR/cpp11.exe\"\ntest -x \"$cpp11\" || { echo \"shc.xcodeproj: no cpp11.exe beside the output - the C6000 runtime is its output\" >&2; exit 1; }\nrm -rf \"$lib/shmrt-tms6747\"\nmkdir -p \"$lib/shmrt-tms6747\"\n\"$cpp11\" -S -arch tms6747 -nologo \"$SRCROOT/runtime/Shortest.cpp\" -o \"$lib/shmrt-tms6747/Shortest.s\"\n\"$cpp11\" -S -arch tms6747 -nologo \"$SRCROOT/runtime/Failure.cpp\" -o \"$lib/shmrt-tms6747/Failure.s\"\n\"$cpp11\" -S -arch tms6747 -nologo \"$SRCROOT/runtime/Numbers.cpp\" -o \"$lib/shmrt-tms6747/Numbers.s\"\n\"$cpp11\" -S -arch tms6747 -nologo \"$SRCROOT/runtime/Array.cpp\" -o \"$lib/shmrt-tms6747/Array.s\"\n\"$cpp11\" -S -arch tms6747 -nologo \"$SRCROOT/runtime/Console.cpp\" -o \"$lib/shmrt-tms6747/Console.s\"\n\"$cpp11\" -S -arch tms6747 -nologo \"$SRCROOT/runtime/Runtime.cpp\" -o \"$lib/shmrt-tms6747/Runtime.s\"\n";
		};
		74B2C86A7C8C35421E0E6280 /* put the finished program in RIDE's directory */ = {
			isa = PBXShellScriptBuildPhase;
			alwaysOutOfDate = 1;
			buildActionMask = 2147483647;
			files = (
			);
			inputPaths = (
			);
			name = "put the finished program in RIDE's directory";
			outputPaths = (
			);
			runOnlyForDeploymentPostprocessing = 0;
			shellPath = /bin/sh;
			shellScript = "set -e\ndest=\"$SRCROOT/../../RIDE\"\nmkdir -p \"$dest\"\ncp -f \"$BUILT_PRODUCTS_DIR/$PRODUCT_NAME\" \"$dest/.$PRODUCT_NAME.new\"\nmv -f \"$dest/.$PRODUCT_NAME.new\" \"$dest/$PRODUCT_NAME\"\ncodesign --force --sign - \"$dest/$PRODUCT_NAME\"\nmkdir -p \"$dest/lib\"\ncp -f \"$BUILT_PRODUCTS_DIR\"/lib/*.a \"$dest/lib/\"\nrm -rf \"$dest/lib/shmrt-tms6747\"\ncp -R \"$BUILT_PRODUCTS_DIR/lib/shmrt-tms6747\" \"$dest/lib/\"\n";
		};
/* End PBXShellScriptBuildPhase section */

/* Begin PBXSourcesBuildPhase section */
		C1FA00685839847297E1B514 /* Sources */ = {
			isa = PBXSourcesBuildPhase;
			buildActionMask = 2147483647;
			files = (
				ADE91CF24B4D93281973FA66 /* runtime/Shortest.cpp in Sources */,
				619BA2382D3C55C38DC332F5 /* src/Ast.cpp in Sources */,
				BB9E2956B32EFABA3625329A /* src/Builtin.cpp in Sources */,
				5AEF009B515799C3E09F577C /* src/Check.cpp in Sources */,
				E2DF0F17651DBF73CBA77084 /* src/CodeGen.cpp in Sources */,
				D8F14E620C131B4E66C3CC37 /* src/Diag.cpp in Sources */,
				E8078FD1C114A929F3A89172 /* src/Driver.cpp in Sources */,
				F0352AEA9474CC12BEA0AAF2 /* src/Lexer.cpp in Sources */,
				FABC9AD25D09ADFFDCE241A9 /* src/Parser.cpp in Sources */,
				F3AB0D874E5D7CBEAB47E2CE /* src/Resolve.cpp in Sources */,
				E1DBE71064F979CFC6AD7494 /* src/Target.cpp in Sources */,
				48518DEF6B9A035855D3EC8B /* src/Type.cpp in Sources */,
				0686AC0897AA471726A714A0 /* src/backend/Arm64Darwin.cpp in Sources */,
				C2EB00417335160D211704B0 /* src/backend/Emitter.cpp in Sources */,
				0259CB1C28AC0BC2F7F87A3F /* src/backend/Optimize.cpp in Sources */,
				375735E2F39E6EE8161B44BF /* src/backend/Spelling.cpp in Sources */,
				9F779710F713B32FD3E90C1B /* src/backend/Tms6747.cpp in Sources */,
				37FF9A130B73F12E238EC581 /* src/backend/X86_64.cpp in Sources */,
				FCF93AD2019225D111FF146B /* src/backend/X86_64Linux.cpp in Sources */,
				232F25F0ACD8306CF9A1DC67 /* src/backend/X86_64Windows.cpp in Sources */,
				C2101F3FC6E45033CFAD914E /* src/main.cpp in Sources */,
			);
			runOnlyForDeploymentPostprocessing = 0;
		};
/* End PBXSourcesBuildPhase section */

/* Begin XCBuildConfiguration section */
		C34513656614AF23C7679746 /* Debug */ = {
			isa = XCBuildConfiguration;
			buildSettings = {
				ALWAYS_SEARCH_USER_PATHS = NO;
				OBJROOT = "$(TMPDIR)/ride-xcode";
				SYMROOT = "$(TMPDIR)/ride-xcode";
				CLANG_CXX_LANGUAGE_STANDARD = "c++14";
				CLANG_ENABLE_OBJC_ARC = YES;
				CLANG_WARN_IMPLICIT_SIGN_CONVERSION = NO;
				CODE_SIGN_STYLE = Automatic;
				GCC_TREAT_WARNINGS_AS_ERRORS = YES;
				GCC_WARN_64_TO_32_BIT_CONVERSION = NO;
				MACOSX_DEPLOYMENT_TARGET = 12.0;
				PRODUCT_NAME = shalimar.exe;
				SDKROOT = macosx;
				USER_HEADER_SEARCH_PATHS = "$(SRCROOT)/src $(SRCROOT)/runtime";
				WARNING_CFLAGS = (
					"-Wall",
					"-Wextra",
					"-pedantic",
				);
				DEBUG_INFORMATION_FORMAT = dwarf;
				GCC_OPTIMIZATION_LEVEL = 0;
			};
			name = Debug;
		};
		066E7FE6B6AEE5DBC00BA342 /* Release */ = {
			isa = XCBuildConfiguration;
			buildSettings = {
				ALWAYS_SEARCH_USER_PATHS = NO;
				OBJROOT = "$(TMPDIR)/ride-xcode";
				SYMROOT = "$(TMPDIR)/ride-xcode";
				CLANG_CXX_LANGUAGE_STANDARD = "c++14";
				CLANG_ENABLE_OBJC_ARC = YES;
				CLANG_WARN_IMPLICIT_SIGN_CONVERSION = NO;
				CODE_SIGN_STYLE = Automatic;
				GCC_TREAT_WARNINGS_AS_ERRORS = YES;
				GCC_WARN_64_TO_32_BIT_CONVERSION = NO;
				MACOSX_DEPLOYMENT_TARGET = 12.0;
				PRODUCT_NAME = shalimar.exe;
				SDKROOT = macosx;
				USER_HEADER_SEARCH_PATHS = "$(SRCROOT)/src $(SRCROOT)/runtime";
				WARNING_CFLAGS = (
					"-Wall",
					"-Wextra",
					"-pedantic",
				);
				DEBUG_INFORMATION_FORMAT = "dwarf-with-dsym";
				GCC_OPTIMIZATION_LEVEL = 2;
			};
			name = Release;
		};
		FCC0273FA1DDF975F31C59C6 /* Debug */ = {
			isa = XCBuildConfiguration;
			buildSettings = {
				ALWAYS_SEARCH_USER_PATHS = NO;
				OBJROOT = "$(TMPDIR)/ride-xcode";
				SYMROOT = "$(TMPDIR)/ride-xcode";
				CLANG_CXX_LANGUAGE_STANDARD = "c++14";
				CLANG_ENABLE_OBJC_ARC = YES;
				CLANG_WARN_IMPLICIT_SIGN_CONVERSION = NO;
				CODE_SIGN_STYLE = Automatic;
				GCC_TREAT_WARNINGS_AS_ERRORS = YES;
				GCC_WARN_64_TO_32_BIT_CONVERSION = NO;
				MACOSX_DEPLOYMENT_TARGET = 12.0;
				PRODUCT_NAME = shalimar.exe;
				SDKROOT = macosx;
				USER_HEADER_SEARCH_PATHS = "$(SRCROOT)/src $(SRCROOT)/runtime";
				WARNING_CFLAGS = (
					"-Wall",
					"-Wextra",
					"-pedantic",
				);
				DEBUG_INFORMATION_FORMAT = dwarf;
				GCC_OPTIMIZATION_LEVEL = 0;
			};
			name = Debug;
		};
		A5C3EA59DF74F2E8E6A12039 /* Release */ = {
			isa = XCBuildConfiguration;
			buildSettings = {
				ALWAYS_SEARCH_USER_PATHS = NO;
				OBJROOT = "$(TMPDIR)/ride-xcode";
				SYMROOT = "$(TMPDIR)/ride-xcode";
				CLANG_CXX_LANGUAGE_STANDARD = "c++14";
				CLANG_ENABLE_OBJC_ARC = YES;
				CLANG_WARN_IMPLICIT_SIGN_CONVERSION = NO;
				CODE_SIGN_STYLE = Automatic;
				GCC_TREAT_WARNINGS_AS_ERRORS = YES;
				GCC_WARN_64_TO_32_BIT_CONVERSION = NO;
				MACOSX_DEPLOYMENT_TARGET = 12.0;
				PRODUCT_NAME = shalimar.exe;
				SDKROOT = macosx;
				USER_HEADER_SEARCH_PATHS = "$(SRCROOT)/src $(SRCROOT)/runtime";
				WARNING_CFLAGS = (
					"-Wall",
					"-Wextra",
					"-pedantic",
				);
				DEBUG_INFORMATION_FORMAT = "dwarf-with-dsym";
				GCC_OPTIMIZATION_LEVEL = 2;
			};
			name = Release;
		};
/* End XCBuildConfiguration section */

/* Begin XCConfigurationList section */
		D7985EC3A1969C0543F0D985 /* project */ = {
			isa = XCConfigurationList;
			buildConfigurations = (
				C34513656614AF23C7679746 /* Debug */,
				066E7FE6B6AEE5DBC00BA342 /* Release */,
			);
			defaultConfigurationIsVisible = 0;
			defaultConfigurationName = Debug;
		};
		87D0DE5B5A8602FA433E1072 /* target */ = {
			isa = XCConfigurationList;
			buildConfigurations = (
				FCC0273FA1DDF975F31C59C6 /* Debug */,
				A5C3EA59DF74F2E8E6A12039 /* Release */,
			);
			defaultConfigurationIsVisible = 0;
			defaultConfigurationName = Debug;
		};
/* End XCConfigurationList section */
	};
	rootObject = 1EB9FA9C539D73E017D600A4 /* Project object */;
}
