// !$*UTF8*$!
{
	archiveVersion = 1;
	classes = {
	};
	objectVersion = 56;
	objects = {

/* Begin PBXBuildFile section */
		2B9E1DFAB6ED494378226E0C /* src/Asm.cpp in Sources */ = {isa = PBXBuildFile; fileRef = 3C680C0CA1E15B35BF8C14FA /* src/Asm.cpp */; };
		8490E3CCF0A6DA33229B310A /* src/Cpu.cpp in Sources */ = {isa = PBXBuildFile; fileRef = 9FEFFC0BA0939F7C2DFAD0EB /* src/Cpu.cpp */; };
		E8A47C7A0359B9FD3095780D /* src/Isa.cpp in Sources */ = {isa = PBXBuildFile; fileRef = 66D149B81355B40797CFB02C /* src/Isa.cpp */; };
		D6BD5290468C316543216511 /* src/Runtime.cpp in Sources */ = {isa = PBXBuildFile; fileRef = 22E3AD51ABBBD62B8F5745F7 /* src/Runtime.cpp */; };
		82FB134C2E04510C11E7152F /* src/main.cpp in Sources */ = {isa = PBXBuildFile; fileRef = 8A83F6F86A02471D2FB64DFE /* src/main.cpp */; };
/* End PBXBuildFile section */

/* Begin PBXFileReference section */
		3C680C0CA1E15B35BF8C14FA /* src/Asm.cpp */ = {isa = PBXFileReference; lastKnownFileType = sourcecode.cpp.cpp; path = src/Asm.cpp; sourceTree = "<group>"; };
		9FEFFC0BA0939F7C2DFAD0EB /* src/Cpu.cpp */ = {isa = PBXFileReference; lastKnownFileType = sourcecode.cpp.cpp; path = src/Cpu.cpp; sourceTree = "<group>"; };
		66D149B81355B40797CFB02C /* src/Isa.cpp */ = {isa = PBXFileReference; lastKnownFileType = sourcecode.cpp.cpp; path = src/Isa.cpp; sourceTree = "<group>"; };
		22E3AD51ABBBD62B8F5745F7 /* src/Runtime.cpp */ = {isa = PBXFileReference; lastKnownFileType = sourcecode.cpp.cpp; path = src/Runtime.cpp; sourceTree = "<group>"; };
		8A83F6F86A02471D2FB64DFE /* src/main.cpp */ = {isa = PBXFileReference; lastKnownFileType = sourcecode.cpp.cpp; path = src/main.cpp; sourceTree = "<group>"; };
		651500FDF830153062544A51 /* src/Asm.h */ = {isa = PBXFileReference; lastKnownFileType = sourcecode.c.h; path = src/Asm.h; sourceTree = "<group>"; };
		80542DD7204A3612610128FA /* src/Cpu.h */ = {isa = PBXFileReference; lastKnownFileType = sourcecode.c.h; path = src/Cpu.h; sourceTree = "<group>"; };
		5124500461D5919B0652A168 /* src/Isa.h */ = {isa = PBXFileReference; lastKnownFileType = sourcecode.c.h; path = src/Isa.h; sourceTree = "<group>"; };
		898AE8D4913E6A8356133E34 /* src/Program.h */ = {isa = PBXFileReference; lastKnownFileType = sourcecode.c.h; path = src/Program.h; sourceTree = "<group>"; };
		82E451770A24C82A80C6D328 /* src/Runtime.h */ = {isa = PBXFileReference; lastKnownFileType = sourcecode.c.h; path = src/Runtime.h; sourceTree = "<group>"; };
		207AA90626EB58B979BE4229 /* vm6747.exe */ = {isa = PBXFileReference; explicitFileType = "compiled.mach-o.executable"; includeInIndex = 0; path = vm6747.exe; sourceTree = BUILT_PRODUCTS_DIR; };
/* End PBXFileReference section */

/* Begin PBXFrameworksBuildPhase section */
		0B2D9686110DB4FAF1D994D9 /* Frameworks */ = {
			isa = PBXFrameworksBuildPhase;
			buildActionMask = 2147483647;
			files = (
			);
			runOnlyForDeploymentPostprocessing = 0;
		};
/* End PBXFrameworksBuildPhase section */

/* Begin PBXGroup section */
		5222E2FEEC743A5E1DD31187 = {
			isa = PBXGroup;
			children = (
				72AA61BDD653BE7756FAF3DE /* Sources */,
				FC53024FCFC2374661390AD4 /* Products */,
			);
			sourceTree = "<group>";
		};
		72AA61BDD653BE7756FAF3DE /* Sources */ = {
			isa = PBXGroup;
			children = (
				3C680C0CA1E15B35BF8C14FA /* src/Asm.cpp */,
				9FEFFC0BA0939F7C2DFAD0EB /* src/Cpu.cpp */,
				66D149B81355B40797CFB02C /* src/Isa.cpp */,
				22E3AD51ABBBD62B8F5745F7 /* src/Runtime.cpp */,
				8A83F6F86A02471D2FB64DFE /* src/main.cpp */,
				651500FDF830153062544A51 /* src/Asm.h */,
				80542DD7204A3612610128FA /* src/Cpu.h */,
				5124500461D5919B0652A168 /* src/Isa.h */,
				898AE8D4913E6A8356133E34 /* src/Program.h */,
				82E451770A24C82A80C6D328 /* src/Runtime.h */,
			);
			name = Sources;
			sourceTree = "<group>";
		};
		FC53024FCFC2374661390AD4 /* Products */ = {
			isa = PBXGroup;
			children = (
				207AA90626EB58B979BE4229 /* vm6747.exe */,
			);
			name = Products;
			sourceTree = "<group>";
		};
/* End PBXGroup section */

/* Begin PBXNativeTarget section */
		B216694C7B15F1C133F86537 /* vm6747.exe */ = {
			isa = PBXNativeTarget;
			buildConfigurationList = BC9EE08299164101AFD4ADA8;
			buildPhases = (
				481E93A2BE1335B573BB2687 /* Sources */,
				0B2D9686110DB4FAF1D994D9 /* Frameworks */,
				5DCD65AE6B92B98C1B100FAF /* put the finished program in RIDE's directory */,
			);
			buildRules = (
			);
			dependencies = (
			);
			name = vm6747.exe;
			productName = vm6747.exe;
			productReference = 207AA90626EB58B979BE4229 /* vm6747.exe */;
			productType = "com.apple.product-type.tool";
		};
/* End PBXNativeTarget section */

/* Begin PBXProject section */
		EB6439D311E612AD9D09AF74 /* Project object */ = {
			isa = PBXProject;
			attributes = {
				BuildIndependentTargetsInParallel = 1;
				LastUpgradeCheck = 1600;
			};
			buildConfigurationList = 86DA941CBA995AB7941E6558;
			developmentRegion = en;
			hasScannedForEncodings = 0;
			knownRegions = (
				en,
				Base,
			);
			mainGroup = 5222E2FEEC743A5E1DD31187;
			productRefGroup = FC53024FCFC2374661390AD4 /* Products */;
			projectDirPath = "";
			projectRoot = "";
			targets = (
				B216694C7B15F1C133F86537 /* vm6747.exe */,
			);
		};
/* End PBXProject section */

/* Begin PBXShellScriptBuildPhase section */
		5DCD65AE6B92B98C1B100FAF /* put the finished program in RIDE's directory */ = {
			isa = PBXShellScriptBuildPhase;
			alwaysOutOfDate = 1;
			buildActionMask = 2147483647;
			files = (
			);
			inputPaths = (
			);
			name = "put the finished program in RIDE's directory";
			outputPaths = (
			);
			runOnlyForDeploymentPostprocessing = 0;
			shellPath = /bin/sh;
			shellScript = "set -e\ndest=\"$SRCROOT/../../RIDE\"\nmkdir -p \"$dest\"\ncp -f \"$BUILT_PRODUCTS_DIR/$PRODUCT_NAME\" \"$dest/.$PRODUCT_NAME.new\"\nmv -f \"$dest/.$PRODUCT_NAME.new\" \"$dest/$PRODUCT_NAME\"\ncodesign --force --sign - \"$dest/$PRODUCT_NAME\"\n";
		};
/* End PBXShellScriptBuildPhase section */

/* Begin PBXSourcesBuildPhase section */
		481E93A2BE1335B573BB2687 /* Sources */ = {
			isa = PBXSourcesBuildPhase;
			buildActionMask = 2147483647;
			files = (
				2B9E1DFAB6ED494378226E0C /* src/Asm.cpp in Sources */,
				8490E3CCF0A6DA33229B310A /* src/Cpu.cpp in Sources */,
				E8A47C7A0359B9FD3095780D /* src/Isa.cpp in Sources */,
				D6BD5290468C316543216511 /* src/Runtime.cpp in Sources */,
				82FB134C2E04510C11E7152F /* src/main.cpp in Sources */,
			);
			runOnlyForDeploymentPostprocessing = 0;
		};
/* End PBXSourcesBuildPhase section */

/* Begin XCBuildConfiguration section */
		8319C3A550671A0CEB8478C2 /* Debug */ = {
			isa = XCBuildConfiguration;
			buildSettings = {
				ALWAYS_SEARCH_USER_PATHS = NO;
				OBJROOT = "$(TMPDIR)/ride-xcode";
				SYMROOT = "$(TMPDIR)/ride-xcode";
				CLANG_CXX_LANGUAGE_STANDARD = "c++14";
				CLANG_ENABLE_OBJC_ARC = YES;
				CLANG_WARN_IMPLICIT_SIGN_CONVERSION = NO;
				CODE_SIGN_STYLE = Automatic;
				GCC_TREAT_WARNINGS_AS_ERRORS = YES;
				GCC_WARN_64_TO_32_BIT_CONVERSION = NO;
				MACOSX_DEPLOYMENT_TARGET = 12.0;
				PRODUCT_NAME = vm6747.exe;
				SDKROOT = macosx;
				USER_HEADER_SEARCH_PATHS = "$(SRCROOT)/src";
				WARNING_CFLAGS = (
					"-Wall",
					"-Wextra",
					"-pedantic",
				);
				DEBUG_INFORMATION_FORMAT = dwarf;
				GCC_OPTIMIZATION_LEVEL = 0;
			};
			name = Debug;
		};
		476773F6B385195162958E11 /* Release */ = {
			isa = XCBuildConfiguration;
			buildSettings = {
				ALWAYS_SEARCH_USER_PATHS = NO;
				OBJROOT = "$(TMPDIR)/ride-xcode";
				SYMROOT = "$(TMPDIR)/ride-xcode";
				CLANG_CXX_LANGUAGE_STANDARD = "c++14";
				CLANG_ENABLE_OBJC_ARC = YES;
				CLANG_WARN_IMPLICIT_SIGN_CONVERSION = NO;
				CODE_SIGN_STYLE = Automatic;
				GCC_TREAT_WARNINGS_AS_ERRORS = YES;
				GCC_WARN_64_TO_32_BIT_CONVERSION = NO;
				MACOSX_DEPLOYMENT_TARGET = 12.0;
				PRODUCT_NAME = vm6747.exe;
				SDKROOT = macosx;
				USER_HEADER_SEARCH_PATHS = "$(SRCROOT)/src";
				WARNING_CFLAGS = (
					"-Wall",
					"-Wextra",
					"-pedantic",
				);
				DEBUG_INFORMATION_FORMAT = "dwarf-with-dsym";
				GCC_OPTIMIZATION_LEVEL = 2;
			};
			name = Release;
		};
		0637D55E47B9649579A155B5 /* Debug */ = {
			isa = XCBuildConfiguration;
			buildSettings = {
				ALWAYS_SEARCH_USER_PATHS = NO;
				OBJROOT = "$(TMPDIR)/ride-xcode";
				SYMROOT = "$(TMPDIR)/ride-xcode";
				CLANG_CXX_LANGUAGE_STANDARD = "c++14";
				CLANG_ENABLE_OBJC_ARC = YES;
				CLANG_WARN_IMPLICIT_SIGN_CONVERSION = NO;
				CODE_SIGN_STYLE = Automatic;
				GCC_TREAT_WARNINGS_AS_ERRORS = YES;
				GCC_WARN_64_TO_32_BIT_CONVERSION = NO;
				MACOSX_DEPLOYMENT_TARGET = 12.0;
				PRODUCT_NAME = vm6747.exe;
				SDKROOT = macosx;
				USER_HEADER_SEARCH_PATHS = "$(SRCROOT)/src";
				WARNING_CFLAGS = (
					"-Wall",
					"-Wextra",
					"-pedantic",
				);
				DEBUG_INFORMATION_FORMAT = dwarf;
				GCC_OPTIMIZATION_LEVEL = 0;
			};
			name = Debug;
		};
		42F1C1870167D207487AC1A7 /* Release */ = {
			isa = XCBuildConfiguration;
			buildSettings = {
				ALWAYS_SEARCH_USER_PATHS = NO;
				OBJROOT = "$(TMPDIR)/ride-xcode";
				SYMROOT = "$(TMPDIR)/ride-xcode";
				CLANG_CXX_LANGUAGE_STANDARD = "c++14";
				CLANG_ENABLE_OBJC_ARC = YES;
				CLANG_WARN_IMPLICIT_SIGN_CONVERSION = NO;
				CODE_SIGN_STYLE = Automatic;
				GCC_TREAT_WARNINGS_AS_ERRORS = YES;
				GCC_WARN_64_TO_32_BIT_CONVERSION = NO;
				MACOSX_DEPLOYMENT_TARGET = 12.0;
				PRODUCT_NAME = vm6747.exe;
				SDKROOT = macosx;
				USER_HEADER_SEARCH_PATHS = "$(SRCROOT)/src";
				WARNING_CFLAGS = (
					"-Wall",
					"-Wextra",
					"-pedantic",
				);
				DEBUG_INFORMATION_FORMAT = "dwarf-with-dsym";
				GCC_OPTIMIZATION_LEVEL = 2;
			};
			name = Release;
		};
/* End XCBuildConfiguration section */

/* Begin XCConfigurationList section */
		86DA941CBA995AB7941E6558 /* project */ = {
			isa = XCConfigurationList;
			buildConfigurations = (
				8319C3A550671A0CEB8478C2 /* Debug */,
				476773F6B385195162958E11 /* Release */,
			);
			defaultConfigurationIsVisible = 0;
			defaultConfigurationName = Debug;
		};
		BC9EE08299164101AFD4ADA8 /* target */ = {
			isa = XCConfigurationList;
			buildConfigurations = (
				0637D55E47B9649579A155B5 /* Debug */,
				42F1C1870167D207487AC1A7 /* Release */,
			);
			defaultConfigurationIsVisible = 0;
			defaultConfigurationName = Debug;
		};
/* End XCConfigurationList section */
	};
	rootObject = EB6439D311E612AD9D09AF74 /* Project object */;
}
