// !$*UTF8*$!
{
	archiveVersion = 1;
	classes = {
	};
	objectVersion = 56;
	objects = {

/* Begin PBXBuildFile section */
		B81D68513A70C986364F6B58 /* runtime/Shortest.cpp in Sources */ = {isa = PBXBuildFile; fileRef = 023832B14D615637C75FE774 /* runtime/Shortest.cpp */; };
		927AD8DE8CEA0D0DB32811CF /* src/Ast.cpp in Sources */ = {isa = PBXBuildFile; fileRef = 10DB1D324E1760D37501C162 /* src/Ast.cpp */; };
		D746F908991A0585DD5E335F /* src/Builtin.cpp in Sources */ = {isa = PBXBuildFile; fileRef = 35B6E19AD86228681B71BD6F /* src/Builtin.cpp */; };
		06AF7E6C1C3510338A3DA0B8 /* src/Check.cpp in Sources */ = {isa = PBXBuildFile; fileRef = 4D68410E38097D2C3B012350 /* src/Check.cpp */; };
		C1E05875BAE7BEAA51844D0A /* src/CodeGen.cpp in Sources */ = {isa = PBXBuildFile; fileRef = F6152CB6F037EC9237284953 /* src/CodeGen.cpp */; };
		F3FDC4F92BBCE2EE3E6F1784 /* src/Diag.cpp in Sources */ = {isa = PBXBuildFile; fileRef = ABA562D8DF68F9045B0DBFA8 /* src/Diag.cpp */; };
		D4E2F1968A3DE3C2B24AF1B5 /* src/Driver.cpp in Sources */ = {isa = PBXBuildFile; fileRef = 3037CB00CAA11DBB3271A1BC /* src/Driver.cpp */; };
		B49C1CE0C049448FF52E5ABC /* src/Lexer.cpp in Sources */ = {isa = PBXBuildFile; fileRef = 34B68B8A1259EBD83226C527 /* src/Lexer.cpp */; };
		2E449DC5CBCD9148C4DCCB66 /* src/Parser.cpp in Sources */ = {isa = PBXBuildFile; fileRef = BE72A46F760093677D45E20C /* src/Parser.cpp */; };
		9BA2CDDAEFA1E1F9814AA478 /* src/Resolve.cpp in Sources */ = {isa = PBXBuildFile; fileRef = 81484C3031D6FD623B5CD3BE /* src/Resolve.cpp */; };
		78FC749B1119A0499D7CDFE6 /* src/Target.cpp in Sources */ = {isa = PBXBuildFile; fileRef = A258211B89A7BB152FBAE388 /* src/Target.cpp */; };
		E71CAAB1907D4D036303F79B /* src/Type.cpp in Sources */ = {isa = PBXBuildFile; fileRef = CE1A180DAAC01231D2DE4C0A /* src/Type.cpp */; };
		68426028A9E752C6FAF53425 /* src/backend/Arm64Darwin.cpp in Sources */ = {isa = PBXBuildFile; fileRef = B16CEC737AAA6F180528EC6A /* src/backend/Arm64Darwin.cpp */; };
		AB207E0CD584434BC76783F3 /* src/backend/Emitter.cpp in Sources */ = {isa = PBXBuildFile; fileRef = 92FDD7FC5A19C2D41FE40978 /* src/backend/Emitter.cpp */; };
		06F69B36E03F271EA28F5376 /* src/backend/Spelling.cpp in Sources */ = {isa = PBXBuildFile; fileRef = 81B3F5FC681F7A480B03CDE1 /* src/backend/Spelling.cpp */; };
		EF2C438DD4CF4AD348819906 /* src/backend/X86_64.cpp in Sources */ = {isa = PBXBuildFile; fileRef = 2746E3E66A5D246D0676175E /* src/backend/X86_64.cpp */; };
		A642932495C948F2672A89E2 /* src/backend/X86_64Linux.cpp in Sources */ = {isa = PBXBuildFile; fileRef = 2A1E01C6803F6DC64696BCA1 /* src/backend/X86_64Linux.cpp */; };
		3CCB09FD35E06D045DE08D3E /* src/backend/X86_64Windows.cpp in Sources */ = {isa = PBXBuildFile; fileRef = 38C1C375862842AD2BFDCF59 /* src/backend/X86_64Windows.cpp */; };
		4EDB719FE2DE35167482BEF9 /* src/main.cpp in Sources */ = {isa = PBXBuildFile; fileRef = 1F5A53845A3EA611F1F77891 /* src/main.cpp */; };
/* End PBXBuildFile section */

/* Begin PBXFileReference section */
		023832B14D615637C75FE774 /* runtime/Shortest.cpp */ = {isa = PBXFileReference; lastKnownFileType = sourcecode.cpp.cpp; path = runtime/Shortest.cpp; sourceTree = "<group>"; };
		10DB1D324E1760D37501C162 /* src/Ast.cpp */ = {isa = PBXFileReference; lastKnownFileType = sourcecode.cpp.cpp; path = src/Ast.cpp; sourceTree = "<group>"; };
		35B6E19AD86228681B71BD6F /* src/Builtin.cpp */ = {isa = PBXFileReference; lastKnownFileType = sourcecode.cpp.cpp; path = src/Builtin.cpp; sourceTree = "<group>"; };
		4D68410E38097D2C3B012350 /* src/Check.cpp */ = {isa = PBXFileReference; lastKnownFileType = sourcecode.cpp.cpp; path = src/Check.cpp; sourceTree = "<group>"; };
		F6152CB6F037EC9237284953 /* src/CodeGen.cpp */ = {isa = PBXFileReference; lastKnownFileType = sourcecode.cpp.cpp; path = src/CodeGen.cpp; sourceTree = "<group>"; };
		ABA562D8DF68F9045B0DBFA8 /* src/Diag.cpp */ = {isa = PBXFileReference; lastKnownFileType = sourcecode.cpp.cpp; path = src/Diag.cpp; sourceTree = "<group>"; };
		3037CB00CAA11DBB3271A1BC /* src/Driver.cpp */ = {isa = PBXFileReference; lastKnownFileType = sourcecode.cpp.cpp; path = src/Driver.cpp; sourceTree = "<group>"; };
		34B68B8A1259EBD83226C527 /* src/Lexer.cpp */ = {isa = PBXFileReference; lastKnownFileType = sourcecode.cpp.cpp; path = src/Lexer.cpp; sourceTree = "<group>"; };
		BE72A46F760093677D45E20C /* src/Parser.cpp */ = {isa = PBXFileReference; lastKnownFileType = sourcecode.cpp.cpp; path = src/Parser.cpp; sourceTree = "<group>"; };
		81484C3031D6FD623B5CD3BE /* src/Resolve.cpp */ = {isa = PBXFileReference; lastKnownFileType = sourcecode.cpp.cpp; path = src/Resolve.cpp; sourceTree = "<group>"; };
		A258211B89A7BB152FBAE388 /* src/Target.cpp */ = {isa = PBXFileReference; lastKnownFileType = sourcecode.cpp.cpp; path = src/Target.cpp; sourceTree = "<group>"; };
		CE1A180DAAC01231D2DE4C0A /* src/Type.cpp */ = {isa = PBXFileReference; lastKnownFileType = sourcecode.cpp.cpp; path = src/Type.cpp; sourceTree = "<group>"; };
		B16CEC737AAA6F180528EC6A /* src/backend/Arm64Darwin.cpp */ = {isa = PBXFileReference; lastKnownFileType = sourcecode.cpp.cpp; path = src/backend/Arm64Darwin.cpp; sourceTree = "<group>"; };
		92FDD7FC5A19C2D41FE40978 /* src/backend/Emitter.cpp */ = {isa = PBXFileReference; lastKnownFileType = sourcecode.cpp.cpp; path = src/backend/Emitter.cpp; sourceTree = "<group>"; };
		81B3F5FC681F7A480B03CDE1 /* src/backend/Spelling.cpp */ = {isa = PBXFileReference; lastKnownFileType = sourcecode.cpp.cpp; path = src/backend/Spelling.cpp; sourceTree = "<group>"; };
		2746E3E66A5D246D0676175E /* src/backend/X86_64.cpp */ = {isa = PBXFileReference; lastKnownFileType = sourcecode.cpp.cpp; path = src/backend/X86_64.cpp; sourceTree = "<group>"; };
		2A1E01C6803F6DC64696BCA1 /* src/backend/X86_64Linux.cpp */ = {isa = PBXFileReference; lastKnownFileType = sourcecode.cpp.cpp; path = src/backend/X86_64Linux.cpp; sourceTree = "<group>"; };
		38C1C375862842AD2BFDCF59 /* src/backend/X86_64Windows.cpp */ = {isa = PBXFileReference; lastKnownFileType = sourcecode.cpp.cpp; path = src/backend/X86_64Windows.cpp; sourceTree = "<group>"; };
		1F5A53845A3EA611F1F77891 /* src/main.cpp */ = {isa = PBXFileReference; lastKnownFileType = sourcecode.cpp.cpp; path = src/main.cpp; sourceTree = "<group>"; };
		BC60BAAB73E347F445B727A1 /* runtime/Debug.h */ = {isa = PBXFileReference; lastKnownFileType = sourcecode.c.h; path = runtime/Debug.h; sourceTree = "<group>"; };
		19B9627508989127D543975F /* runtime/Internal.h */ = {isa = PBXFileReference; lastKnownFileType = sourcecode.c.h; path = runtime/Internal.h; sourceTree = "<group>"; };
		F3875DD920F444FA8653828D /* runtime/Shortest.h */ = {isa = PBXFileReference; lastKnownFileType = sourcecode.c.h; path = runtime/Shortest.h; sourceTree = "<group>"; };
		86397A6C262AFB3207F57222 /* runtime/shmrt.h */ = {isa = PBXFileReference; lastKnownFileType = sourcecode.c.h; path = runtime/shmrt.h; sourceTree = "<group>"; };
		6F6B83BB4D5926603CF735FC /* src/Ast.h */ = {isa = PBXFileReference; lastKnownFileType = sourcecode.c.h; path = src/Ast.h; sourceTree = "<group>"; };
		09FFE0AA6C2B2D3ABCBF302F /* src/Builtin.h */ = {isa = PBXFileReference; lastKnownFileType = sourcecode.c.h; path = src/Builtin.h; sourceTree = "<group>"; };
		0F285A08CB26C6C05A3A8A45 /* src/Check.h */ = {isa = PBXFileReference; lastKnownFileType = sourcecode.c.h; path = src/Check.h; sourceTree = "<group>"; };
		F1F91BB8ACB840B657F67BB4 /* src/CodeGen.h */ = {isa = PBXFileReference; lastKnownFileType = sourcecode.c.h; path = src/CodeGen.h; sourceTree = "<group>"; };
		C253B7EE54CCDDBC591705CC /* src/Diag.h */ = {isa = PBXFileReference; lastKnownFileType = sourcecode.c.h; path = src/Diag.h; sourceTree = "<group>"; };
		E1B55153D24B0E1A36807208 /* src/Driver.h */ = {isa = PBXFileReference; lastKnownFileType = sourcecode.c.h; path = src/Driver.h; sourceTree = "<group>"; };
		840F0F9B09F876F5A2038D35 /* src/Parser.h */ = {isa = PBXFileReference; lastKnownFileType = sourcecode.c.h; path = src/Parser.h; sourceTree = "<group>"; };
		6F9D8C87D3069568C514713F /* src/Resolve.h */ = {isa = PBXFileReference; lastKnownFileType = sourcecode.c.h; path = src/Resolve.h; sourceTree = "<group>"; };
		B07D7C2CDB3CE766A3F58DD8 /* src/Target.h */ = {isa = PBXFileReference; lastKnownFileType = sourcecode.c.h; path = src/Target.h; sourceTree = "<group>"; };
		7488B34973D52B01B76F0322 /* src/Token.h */ = {isa = PBXFileReference; lastKnownFileType = sourcecode.c.h; path = src/Token.h; sourceTree = "<group>"; };
		8E5B886E91D65B34D3029EA4 /* src/Type.h */ = {isa = PBXFileReference; lastKnownFileType = sourcecode.c.h; path = src/Type.h; sourceTree = "<group>"; };
		32E30FF0A7F63B32CA7C8D26 /* src/backend/Arm64Darwin.h */ = {isa = PBXFileReference; lastKnownFileType = sourcecode.c.h; path = src/backend/Arm64Darwin.h; sourceTree = "<group>"; };
		8A12EAA5DB46730045A47449 /* src/backend/Emitter.h */ = {isa = PBXFileReference; lastKnownFileType = sourcecode.c.h; path = src/backend/Emitter.h; sourceTree = "<group>"; };
		B80AC0784AE1CEF0C76683C0 /* src/backend/Spelling.h */ = {isa = PBXFileReference; lastKnownFileType = sourcecode.c.h; path = src/backend/Spelling.h; sourceTree = "<group>"; };
		0E07A68D4E50A32CFE46C5D2 /* src/backend/X86_64.h */ = {isa = PBXFileReference; lastKnownFileType = sourcecode.c.h; path = src/backend/X86_64.h; sourceTree = "<group>"; };
		3CB073C3561B520143E5659F /* src/backend/X86_64Linux.h */ = {isa = PBXFileReference; lastKnownFileType = sourcecode.c.h; path = src/backend/X86_64Linux.h; sourceTree = "<group>"; };
		AC7808F02D1D79E6BC3410BA /* src/backend/X86_64Windows.h */ = {isa = PBXFileReference; lastKnownFileType = sourcecode.c.h; path = src/backend/X86_64Windows.h; sourceTree = "<group>"; };
		FABB429FB93A3709F455747A /* shci.exe */ = {isa = PBXFileReference; explicitFileType = "compiled.mach-o.executable"; includeInIndex = 0; path = shci.exe; sourceTree = BUILT_PRODUCTS_DIR; };
/* End PBXFileReference section */

/* Begin PBXFrameworksBuildPhase section */
		F1434D65F73204F06783AF71 /* Frameworks */ = {
			isa = PBXFrameworksBuildPhase;
			buildActionMask = 2147483647;
			files = (
			);
			runOnlyForDeploymentPostprocessing = 0;
		};
/* End PBXFrameworksBuildPhase section */

/* Begin PBXGroup section */
		03D2B246B03793D0F6243A81 = {
			isa = PBXGroup;
			children = (
				93A7D61D3C7FB7FBCCBE89D3 /* Sources */,
				4E5FB6E29A8BB59A6D3A4922 /* Products */,
			);
			sourceTree = "<group>";
		};
		93A7D61D3C7FB7FBCCBE89D3 /* Sources */ = {
			isa = PBXGroup;
			children = (
				023832B14D615637C75FE774 /* runtime/Shortest.cpp */,
				10DB1D324E1760D37501C162 /* src/Ast.cpp */,
				35B6E19AD86228681B71BD6F /* src/Builtin.cpp */,
				4D68410E38097D2C3B012350 /* src/Check.cpp */,
				F6152CB6F037EC9237284953 /* src/CodeGen.cpp */,
				ABA562D8DF68F9045B0DBFA8 /* src/Diag.cpp */,
				3037CB00CAA11DBB3271A1BC /* src/Driver.cpp */,
				34B68B8A1259EBD83226C527 /* src/Lexer.cpp */,
				BE72A46F760093677D45E20C /* src/Parser.cpp */,
				81484C3031D6FD623B5CD3BE /* src/Resolve.cpp */,
				A258211B89A7BB152FBAE388 /* src/Target.cpp */,
				CE1A180DAAC01231D2DE4C0A /* src/Type.cpp */,
				B16CEC737AAA6F180528EC6A /* src/backend/Arm64Darwin.cpp */,
				92FDD7FC5A19C2D41FE40978 /* src/backend/Emitter.cpp */,
				81B3F5FC681F7A480B03CDE1 /* src/backend/Spelling.cpp */,
				2746E3E66A5D246D0676175E /* src/backend/X86_64.cpp */,
				2A1E01C6803F6DC64696BCA1 /* src/backend/X86_64Linux.cpp */,
				38C1C375862842AD2BFDCF59 /* src/backend/X86_64Windows.cpp */,
				1F5A53845A3EA611F1F77891 /* src/main.cpp */,
				BC60BAAB73E347F445B727A1 /* runtime/Debug.h */,
				19B9627508989127D543975F /* runtime/Internal.h */,
				F3875DD920F444FA8653828D /* runtime/Shortest.h */,
				86397A6C262AFB3207F57222 /* runtime/shmrt.h */,
				6F6B83BB4D5926603CF735FC /* src/Ast.h */,
				09FFE0AA6C2B2D3ABCBF302F /* src/Builtin.h */,
				0F285A08CB26C6C05A3A8A45 /* src/Check.h */,
				F1F91BB8ACB840B657F67BB4 /* src/CodeGen.h */,
				C253B7EE54CCDDBC591705CC /* src/Diag.h */,
				E1B55153D24B0E1A36807208 /* src/Driver.h */,
				840F0F9B09F876F5A2038D35 /* src/Parser.h */,
				6F9D8C87D3069568C514713F /* src/Resolve.h */,
				B07D7C2CDB3CE766A3F58DD8 /* src/Target.h */,
				7488B34973D52B01B76F0322 /* src/Token.h */,
				8E5B886E91D65B34D3029EA4 /* src/Type.h */,
				32E30FF0A7F63B32CA7C8D26 /* src/backend/Arm64Darwin.h */,
				8A12EAA5DB46730045A47449 /* src/backend/Emitter.h */,
				B80AC0784AE1CEF0C76683C0 /* src/backend/Spelling.h */,
				0E07A68D4E50A32CFE46C5D2 /* src/backend/X86_64.h */,
				3CB073C3561B520143E5659F /* src/backend/X86_64Linux.h */,
				AC7808F02D1D79E6BC3410BA /* src/backend/X86_64Windows.h */,
			);
			name = Sources;
			sourceTree = "<group>";
		};
		4E5FB6E29A8BB59A6D3A4922 /* Products */ = {
			isa = PBXGroup;
			children = (
				FABB429FB93A3709F455747A /* shci.exe */,
			);
			name = Products;
			sourceTree = "<group>";
		};
/* End PBXGroup section */

/* Begin PBXNativeTarget section */
		8628CA1ABA46EA37FDA0030B /* shci.exe */ = {
			isa = PBXNativeTarget;
			buildConfigurationList = E5C9127DDE365E8A31E85D99;
			buildPhases = (
				BD4C6827C61291C154A37A4E /* Sources */,
				F1434D65F73204F06783AF71 /* Frameworks */,
				354B0E560DCA61DDAC8D549B /* the Shalimar runtime, beside shci.exe */,
				427C545DCD8E02DD5A40E0F4 /* put the finished program in RStudio's directory */,
			);
			buildRules = (
			);
			dependencies = (
			);
			name = shci.exe;
			productName = shci.exe;
			productReference = FABB429FB93A3709F455747A /* shci.exe */;
			productType = "com.apple.product-type.tool";
		};
/* End PBXNativeTarget section */

/* Begin PBXProject section */
		A21AC6BF275F1D5522750556 /* Project object */ = {
			isa = PBXProject;
			attributes = {
				BuildIndependentTargetsInParallel = 1;
				LastUpgradeCheck = 1600;
			};
			buildConfigurationList = A7DE12F59DF14938AD0287B6;
			developmentRegion = en;
			hasScannedForEncodings = 0;
			knownRegions = (
				en,
				Base,
			);
			mainGroup = 03D2B246B03793D0F6243A81;
			productRefGroup = 4E5FB6E29A8BB59A6D3A4922 /* Products */;
			projectDirPath = "";
			projectRoot = "";
			targets = (
				8628CA1ABA46EA37FDA0030B /* shci.exe */,
			);
		};
/* End PBXProject section */

/* Begin PBXShellScriptBuildPhase section */
		354B0E560DCA61DDAC8D549B /* the Shalimar runtime, beside shci.exe */ = {
			isa = PBXShellScriptBuildPhase;
			buildActionMask = 2147483647;
			files = (
			);
			inputPaths = (
				"$(SRCROOT)/runtime/Shortest.cpp",
				"$(SRCROOT)/runtime/Failure.cpp",
				"$(SRCROOT)/runtime/Numbers.cpp",
				"$(SRCROOT)/runtime/Array.cpp",
				"$(SRCROOT)/runtime/Console.cpp",
				"$(SRCROOT)/runtime/Runtime.cpp",
				"$(SRCROOT)/runtime/Debug.cpp",
				"$(SRCROOT)/runtime/shmrt.h",
				"$(SRCROOT)/runtime/Internal.h",
				"$(SRCROOT)/runtime/Shortest.h",
				"$(SRCROOT)/runtime/Debug.h",
			);
			name = "the Shalimar runtime, beside shci.exe";
			outputPaths = (
				"$(BUILT_PRODUCTS_DIR)/lib/shmrt-arm64-darwin.a",
				"$(BUILT_PRODUCTS_DIR)/lib/shmrt-arm64-darwin-debug.a",
			);
			runOnlyForDeploymentPostprocessing = 0;
			shellPath = /bin/sh;
			shellScript = "set -e\ncxx=\"$(xcrun --find clang++)\"\nar=\"$(xcrun --find ar)\"\nflags=\"-std=c++14 -Wall -Wextra -Werror -pedantic -O2\"\nlib=\"$BUILT_PRODUCTS_DIR/lib\"\nmkdir -p \"$lib\"\nmkdir -p \"$DERIVED_FILE_DIR/runtime\"\n\"$cxx\" $flags -c \"$SRCROOT/runtime/Shortest.cpp\" -o \"$DERIVED_FILE_DIR/runtime/Shortest.o\"\n\"$cxx\" $flags -c \"$SRCROOT/runtime/Failure.cpp\" -o \"$DERIVED_FILE_DIR/runtime/Failure.o\"\n\"$cxx\" $flags -c \"$SRCROOT/runtime/Numbers.cpp\" -o \"$DERIVED_FILE_DIR/runtime/Numbers.o\"\n\"$cxx\" $flags -c \"$SRCROOT/runtime/Array.cpp\" -o \"$DERIVED_FILE_DIR/runtime/Array.o\"\n\"$cxx\" $flags -c \"$SRCROOT/runtime/Console.cpp\" -o \"$DERIVED_FILE_DIR/runtime/Console.o\"\n\"$cxx\" $flags -c \"$SRCROOT/runtime/Runtime.cpp\" -o \"$DERIVED_FILE_DIR/runtime/Runtime.o\"\nrm -f \"$lib/shmrt-arm64-darwin.a\"\n\"$ar\" rcs \"$lib/shmrt-arm64-darwin.a\" \"$DERIVED_FILE_DIR/runtime\"/*.o\nmkdir -p \"$DERIVED_FILE_DIR/runtime-debug\"\n\"$cxx\" $flags -DSHM_DEBUG=1 -c \"$SRCROOT/runtime/Shortest.cpp\" -o \"$DERIVED_FILE_DIR/runtime-debug/Shortest.o\"\n\"$cxx\" $flags -DSHM_DEBUG=1 -c \"$SRCROOT/runtime/Failure.cpp\" -o \"$DERIVED_FILE_DIR/runtime-debug/Failure.o\"\n\"$cxx\" $flags -DSHM_DEBUG=1 -c \"$SRCROOT/runtime/Numbers.cpp\" -o \"$DERIVED_FILE_DIR/runtime-debug/Numbers.o\"\n\"$cxx\" $flags -DSHM_DEBUG=1 -c \"$SRCROOT/runtime/Array.cpp\" -o \"$DERIVED_FILE_DIR/runtime-debug/Array.o\"\n\"$cxx\" $flags -DSHM_DEBUG=1 -c \"$SRCROOT/runtime/Console.cpp\" -o \"$DERIVED_FILE_DIR/runtime-debug/Console.o\"\n\"$cxx\" $flags -DSHM_DEBUG=1 -c \"$SRCROOT/runtime/Runtime.cpp\" -o \"$DERIVED_FILE_DIR/runtime-debug/Runtime.o\"\n\"$cxx\" $flags -DSHM_DEBUG=1 -c \"$SRCROOT/runtime/Debug.cpp\" -o \"$DERIVED_FILE_DIR/runtime-debug/Debug.o\"\nrm -f \"$lib/shmrt-arm64-darwin-debug.a\"\n\"$ar\" rcs \"$lib/shmrt-arm64-darwin-debug.a\" \"$DERIVED_FILE_DIR/runtime-debug\"/*.o\n";
		};
		427C545DCD8E02DD5A40E0F4 /* put the finished program in RStudio's directory */ = {
			isa = PBXShellScriptBuildPhase;
			alwaysOutOfDate = 1;
			buildActionMask = 2147483647;
			files = (
			);
			inputPaths = (
			);
			name = "put the finished program in RStudio's directory";
			outputPaths = (
			);
			runOnlyForDeploymentPostprocessing = 0;
			shellPath = /bin/sh;
			shellScript = "set -e\ndest=\"$SRCROOT/../RStudio\"\nmkdir -p \"$dest\"\ncp -f \"$BUILT_PRODUCTS_DIR/$PRODUCT_NAME\" \"$dest/.$PRODUCT_NAME.new\"\nmv -f \"$dest/.$PRODUCT_NAME.new\" \"$dest/$PRODUCT_NAME\"\ncodesign --force --sign - \"$dest/$PRODUCT_NAME\"\nmkdir -p \"$dest/lib\"\ncp -f \"$BUILT_PRODUCTS_DIR\"/lib/*.a \"$dest/lib/\"\n";
		};
/* End PBXShellScriptBuildPhase section */

/* Begin PBXSourcesBuildPhase section */
		BD4C6827C61291C154A37A4E /* Sources */ = {
			isa = PBXSourcesBuildPhase;
			buildActionMask = 2147483647;
			files = (
				B81D68513A70C986364F6B58 /* runtime/Shortest.cpp in Sources */,
				927AD8DE8CEA0D0DB32811CF /* src/Ast.cpp in Sources */,
				D746F908991A0585DD5E335F /* src/Builtin.cpp in Sources */,
				06AF7E6C1C3510338A3DA0B8 /* src/Check.cpp in Sources */,
				C1E05875BAE7BEAA51844D0A /* src/CodeGen.cpp in Sources */,
				F3FDC4F92BBCE2EE3E6F1784 /* src/Diag.cpp in Sources */,
				D4E2F1968A3DE3C2B24AF1B5 /* src/Driver.cpp in Sources */,
				B49C1CE0C049448FF52E5ABC /* src/Lexer.cpp in Sources */,
				2E449DC5CBCD9148C4DCCB66 /* src/Parser.cpp in Sources */,
				9BA2CDDAEFA1E1F9814AA478 /* src/Resolve.cpp in Sources */,
				78FC749B1119A0499D7CDFE6 /* src/Target.cpp in Sources */,
				E71CAAB1907D4D036303F79B /* src/Type.cpp in Sources */,
				68426028A9E752C6FAF53425 /* src/backend/Arm64Darwin.cpp in Sources */,
				AB207E0CD584434BC76783F3 /* src/backend/Emitter.cpp in Sources */,
				06F69B36E03F271EA28F5376 /* src/backend/Spelling.cpp in Sources */,
				EF2C438DD4CF4AD348819906 /* src/backend/X86_64.cpp in Sources */,
				A642932495C948F2672A89E2 /* src/backend/X86_64Linux.cpp in Sources */,
				3CCB09FD35E06D045DE08D3E /* src/backend/X86_64Windows.cpp in Sources */,
				4EDB719FE2DE35167482BEF9 /* src/main.cpp in Sources */,
			);
			runOnlyForDeploymentPostprocessing = 0;
		};
/* End PBXSourcesBuildPhase section */

/* Begin XCBuildConfiguration section */
		7B12FBAA10DC36CF14A4304E /* Debug */ = {
			isa = XCBuildConfiguration;
			buildSettings = {
				ALWAYS_SEARCH_USER_PATHS = NO;
				OBJROOT = "$(TMPDIR)/rstudio-xcode";
				SYMROOT = "$(TMPDIR)/rstudio-xcode";
				CLANG_CXX_LANGUAGE_STANDARD = "c++14";
				CLANG_ENABLE_OBJC_ARC = YES;
				CLANG_WARN_IMPLICIT_SIGN_CONVERSION = NO;
				CODE_SIGN_STYLE = Automatic;
				GCC_TREAT_WARNINGS_AS_ERRORS = YES;
				GCC_WARN_64_TO_32_BIT_CONVERSION = NO;
				MACOSX_DEPLOYMENT_TARGET = 10.15;
				PRODUCT_NAME = shci.exe;
				SDKROOT = macosx;
				USER_HEADER_SEARCH_PATHS = "$(SRCROOT)/src $(SRCROOT)/runtime";
				WARNING_CFLAGS = (
					"-Wall",
					"-Wextra",
					"-pedantic",
				);
				DEBUG_INFORMATION_FORMAT = dwarf;
				GCC_OPTIMIZATION_LEVEL = 0;
			};
			name = Debug;
		};
		E69B47051F77B5D48135C0F5 /* Release */ = {
			isa = XCBuildConfiguration;
			buildSettings = {
				ALWAYS_SEARCH_USER_PATHS = NO;
				OBJROOT = "$(TMPDIR)/rstudio-xcode";
				SYMROOT = "$(TMPDIR)/rstudio-xcode";
				CLANG_CXX_LANGUAGE_STANDARD = "c++14";
				CLANG_ENABLE_OBJC_ARC = YES;
				CLANG_WARN_IMPLICIT_SIGN_CONVERSION = NO;
				CODE_SIGN_STYLE = Automatic;
				GCC_TREAT_WARNINGS_AS_ERRORS = YES;
				GCC_WARN_64_TO_32_BIT_CONVERSION = NO;
				MACOSX_DEPLOYMENT_TARGET = 10.15;
				PRODUCT_NAME = shci.exe;
				SDKROOT = macosx;
				USER_HEADER_SEARCH_PATHS = "$(SRCROOT)/src $(SRCROOT)/runtime";
				WARNING_CFLAGS = (
					"-Wall",
					"-Wextra",
					"-pedantic",
				);
				DEBUG_INFORMATION_FORMAT = "dwarf-with-dsym";
				GCC_OPTIMIZATION_LEVEL = 2;
			};
			name = Release;
		};
		B9C2202DF6A368754F890B76 /* Debug */ = {
			isa = XCBuildConfiguration;
			buildSettings = {
				ALWAYS_SEARCH_USER_PATHS = NO;
				OBJROOT = "$(TMPDIR)/rstudio-xcode";
				SYMROOT = "$(TMPDIR)/rstudio-xcode";
				CLANG_CXX_LANGUAGE_STANDARD = "c++14";
				CLANG_ENABLE_OBJC_ARC = YES;
				CLANG_WARN_IMPLICIT_SIGN_CONVERSION = NO;
				CODE_SIGN_STYLE = Automatic;
				GCC_TREAT_WARNINGS_AS_ERRORS = YES;
				GCC_WARN_64_TO_32_BIT_CONVERSION = NO;
				MACOSX_DEPLOYMENT_TARGET = 10.15;
				PRODUCT_NAME = shci.exe;
				SDKROOT = macosx;
				USER_HEADER_SEARCH_PATHS = "$(SRCROOT)/src $(SRCROOT)/runtime";
				WARNING_CFLAGS = (
					"-Wall",
					"-Wextra",
					"-pedantic",
				);
				DEBUG_INFORMATION_FORMAT = dwarf;
				GCC_OPTIMIZATION_LEVEL = 0;
			};
			name = Debug;
		};
		6B5AD40D409160C97881BCE0 /* Release */ = {
			isa = XCBuildConfiguration;
			buildSettings = {
				ALWAYS_SEARCH_USER_PATHS = NO;
				OBJROOT = "$(TMPDIR)/rstudio-xcode";
				SYMROOT = "$(TMPDIR)/rstudio-xcode";
				CLANG_CXX_LANGUAGE_STANDARD = "c++14";
				CLANG_ENABLE_OBJC_ARC = YES;
				CLANG_WARN_IMPLICIT_SIGN_CONVERSION = NO;
				CODE_SIGN_STYLE = Automatic;
				GCC_TREAT_WARNINGS_AS_ERRORS = YES;
				GCC_WARN_64_TO_32_BIT_CONVERSION = NO;
				MACOSX_DEPLOYMENT_TARGET = 10.15;
				PRODUCT_NAME = shci.exe;
				SDKROOT = macosx;
				USER_HEADER_SEARCH_PATHS = "$(SRCROOT)/src $(SRCROOT)/runtime";
				WARNING_CFLAGS = (
					"-Wall",
					"-Wextra",
					"-pedantic",
				);
				DEBUG_INFORMATION_FORMAT = "dwarf-with-dsym";
				GCC_OPTIMIZATION_LEVEL = 2;
			};
			name = Release;
		};
/* End XCBuildConfiguration section */

/* Begin XCConfigurationList section */
		A7DE12F59DF14938AD0287B6 /* project */ = {
			isa = XCConfigurationList;
			buildConfigurations = (
				7B12FBAA10DC36CF14A4304E /* Debug */,
				E69B47051F77B5D48135C0F5 /* Release */,
			);
			defaultConfigurationIsVisible = 0;
			defaultConfigurationName = Debug;
		};
		E5C9127DDE365E8A31E85D99 /* target */ = {
			isa = XCConfigurationList;
			buildConfigurations = (
				B9C2202DF6A368754F890B76 /* Debug */,
				6B5AD40D409160C97881BCE0 /* Release */,
			);
			defaultConfigurationIsVisible = 0;
			defaultConfigurationName = Debug;
		};
/* End XCConfigurationList section */
	};
	rootObject = A21AC6BF275F1D5522750556 /* Project object */;
}
