// !$*UTF8*$!
{
	archiveVersion = 1;
	classes = {};
	objectVersion = 54;
	objects = {

/* Begin PBXBuildFile section */
		DBCA475D1E4FAFCC4CB67EBB /* Driver.cpp in Sources */ = {isa = PBXBuildFile; fileRef = F3DF4061005105B66B7C5431 /* Driver.cpp */; };
		21FFED23CF93F6A22C422DE2 /* Lexer.cpp in Sources */ = {isa = PBXBuildFile; fileRef = CB2D6E30A0DA359152CB1886 /* Lexer.cpp */; };
		50C8C0780309277A4DA7684D /* Parser.cpp in Sources */ = {isa = PBXBuildFile; fileRef = 75C288D1915E2E4AAD070C73 /* Parser.cpp */; };
		8247B1197907FCEA984EA7F3 /* Preprocessor.cpp in Sources */ = {isa = PBXBuildFile; fileRef = D50718FBCC03E7BCB1F6DC50 /* Preprocessor.cpp */; };
		AB67CDCA7933FCE8DB69809D /* Source.cpp in Sources */ = {isa = PBXBuildFile; fileRef = 859ACBF2A15D1132F631212A /* Source.cpp */; };
		DB679FB7619D3DDA1AB1A714 /* Type.cpp in Sources */ = {isa = PBXBuildFile; fileRef = DDE8B9A37A9782BB379AF4B9 /* Type.cpp */; };
		2375206DA1BADDDD664A3BF2 /* main.cpp in Sources */ = {isa = PBXBuildFile; fileRef = 0622243F82CE24842E74D759 /* main.cpp */; };
		CEA9F161EB296A691B9FAD8F /* Arm64Darwin.cpp in Sources */ = {isa = PBXBuildFile; fileRef = 201EE94DC01106B98E56A367 /* Arm64Darwin.cpp */; };
		2B45FAC274DFDD7BB8B6D32A /* Backend.cpp in Sources */ = {isa = PBXBuildFile; fileRef = 12856577CF3E39497DC00394 /* Backend.cpp */; };
		3B9E54C39B30AE1A7AB99ABB /* CodeView.cpp in Sources */ = {isa = PBXBuildFile; fileRef = 014B716F8D60978411FBC05E /* CodeView.cpp */; };
		9B580F5362355E1FE8EE1106 /* Dwarf.cpp in Sources */ = {isa = PBXBuildFile; fileRef = 44939D11634EA517FF5020E4 /* Dwarf.cpp */; };
		D3E14047F25C331F429FE184 /* Masm.cpp in Sources */ = {isa = PBXBuildFile; fileRef = 26553B240B204AB828F1E28D /* Masm.cpp */; };
		B87269B3057FAF3398D61CB4 /* Optimizer.cpp in Sources */ = {isa = PBXBuildFile; fileRef = 63643181E795B125B2323F2B /* Optimizer.cpp */; };
		E449C770B3AB69E828AA4C23 /* Spelling.cpp in Sources */ = {isa = PBXBuildFile; fileRef = 67D0740B42D9A977D2929C12 /* Spelling.cpp */; };
		4C3E931330523331CA3D79DD /* Tms6747.cpp in Sources */ = {isa = PBXBuildFile; fileRef = 24D682BAD7A7437D87895552 /* Tms6747.cpp */; };
		ECFF4ADB02FA0FDCA8E5E830 /* Walker.cpp in Sources */ = {isa = PBXBuildFile; fileRef = 91CE00C0935BDE384E519CE8 /* Walker.cpp */; };
		DEA45A10FA3892FD4AE58700 /* X86_64Linux.cpp in Sources */ = {isa = PBXBuildFile; fileRef = 334CD99BDE8B6A591C8500E5 /* X86_64Linux.cpp */; };
		AD991EF6B756D66904E0D106 /* X86_64Windows.cpp in Sources */ = {isa = PBXBuildFile; fileRef = 80025E52DA32488A2EF7539F /* X86_64Windows.cpp */; };
/* End PBXBuildFile section */

/* Begin PBXFileReference section */
		F3DF4061005105B66B7C5431 /* Driver.cpp */ = {isa = PBXFileReference; lastKnownFileType = sourcecode.cpp.cpp; name = Driver.cpp; path = "../src/Driver.cpp"; sourceTree = "<group>"; };
		CB2D6E30A0DA359152CB1886 /* Lexer.cpp */ = {isa = PBXFileReference; lastKnownFileType = sourcecode.cpp.cpp; name = Lexer.cpp; path = "../src/Lexer.cpp"; sourceTree = "<group>"; };
		75C288D1915E2E4AAD070C73 /* Parser.cpp */ = {isa = PBXFileReference; lastKnownFileType = sourcecode.cpp.cpp; name = Parser.cpp; path = "../src/Parser.cpp"; sourceTree = "<group>"; };
		D50718FBCC03E7BCB1F6DC50 /* Preprocessor.cpp */ = {isa = PBXFileReference; lastKnownFileType = sourcecode.cpp.cpp; name = Preprocessor.cpp; path = "../src/Preprocessor.cpp"; sourceTree = "<group>"; };
		859ACBF2A15D1132F631212A /* Source.cpp */ = {isa = PBXFileReference; lastKnownFileType = sourcecode.cpp.cpp; name = Source.cpp; path = "../src/Source.cpp"; sourceTree = "<group>"; };
		DDE8B9A37A9782BB379AF4B9 /* Type.cpp */ = {isa = PBXFileReference; lastKnownFileType = sourcecode.cpp.cpp; name = Type.cpp; path = "../src/Type.cpp"; sourceTree = "<group>"; };
		0622243F82CE24842E74D759 /* main.cpp */ = {isa = PBXFileReference; lastKnownFileType = sourcecode.cpp.cpp; name = main.cpp; path = "../src/main.cpp"; sourceTree = "<group>"; };
		201EE94DC01106B98E56A367 /* Arm64Darwin.cpp */ = {isa = PBXFileReference; lastKnownFileType = sourcecode.cpp.cpp; name = Arm64Darwin.cpp; path = "../src/backend/Arm64Darwin.cpp"; sourceTree = "<group>"; };
		12856577CF3E39497DC00394 /* Backend.cpp */ = {isa = PBXFileReference; lastKnownFileType = sourcecode.cpp.cpp; name = Backend.cpp; path = "../src/backend/Backend.cpp"; sourceTree = "<group>"; };
		014B716F8D60978411FBC05E /* CodeView.cpp */ = {isa = PBXFileReference; lastKnownFileType = sourcecode.cpp.cpp; name = CodeView.cpp; path = "../src/backend/CodeView.cpp"; sourceTree = "<group>"; };
		44939D11634EA517FF5020E4 /* Dwarf.cpp */ = {isa = PBXFileReference; lastKnownFileType = sourcecode.cpp.cpp; name = Dwarf.cpp; path = "../src/backend/Dwarf.cpp"; sourceTree = "<group>"; };
		26553B240B204AB828F1E28D /* Masm.cpp */ = {isa = PBXFileReference; lastKnownFileType = sourcecode.cpp.cpp; name = Masm.cpp; path = "../src/backend/Masm.cpp"; sourceTree = "<group>"; };
		63643181E795B125B2323F2B /* Optimizer.cpp */ = {isa = PBXFileReference; lastKnownFileType = sourcecode.cpp.cpp; name = Optimizer.cpp; path = "../src/backend/Optimizer.cpp"; sourceTree = "<group>"; };
		67D0740B42D9A977D2929C12 /* Spelling.cpp */ = {isa = PBXFileReference; lastKnownFileType = sourcecode.cpp.cpp; name = Spelling.cpp; path = "../src/backend/Spelling.cpp"; sourceTree = "<group>"; };
		24D682BAD7A7437D87895552 /* Tms6747.cpp */ = {isa = PBXFileReference; lastKnownFileType = sourcecode.cpp.cpp; name = Tms6747.cpp; path = "../src/backend/Tms6747.cpp"; sourceTree = "<group>"; };
		91CE00C0935BDE384E519CE8 /* Walker.cpp */ = {isa = PBXFileReference; lastKnownFileType = sourcecode.cpp.cpp; name = Walker.cpp; path = "../src/backend/Walker.cpp"; sourceTree = "<group>"; };
		334CD99BDE8B6A591C8500E5 /* X86_64Linux.cpp */ = {isa = PBXFileReference; lastKnownFileType = sourcecode.cpp.cpp; name = X86_64Linux.cpp; path = "../src/backend/X86_64Linux.cpp"; sourceTree = "<group>"; };
		80025E52DA32488A2EF7539F /* X86_64Windows.cpp */ = {isa = PBXFileReference; lastKnownFileType = sourcecode.cpp.cpp; name = X86_64Windows.cpp; path = "../src/backend/X86_64Windows.cpp"; sourceTree = "<group>"; };
		14EC8B53EDE3CAB952E236AA /* Ast.h */ = {isa = PBXFileReference; lastKnownFileType = sourcecode.c.h; name = Ast.h; path = "../src/Ast.h"; sourceTree = "<group>"; };
		E25192F3CFDB944FC301A31E /* Driver.h */ = {isa = PBXFileReference; lastKnownFileType = sourcecode.c.h; name = Driver.h; path = "../src/Driver.h"; sourceTree = "<group>"; };
		4C2F56CF1CF972F1F6562B1B /* Lexer.h */ = {isa = PBXFileReference; lastKnownFileType = sourcecode.c.h; name = Lexer.h; path = "../src/Lexer.h"; sourceTree = "<group>"; };
		2DA8CF60A538466FE3C8F3CD /* Name.h */ = {isa = PBXFileReference; lastKnownFileType = sourcecode.c.h; name = Name.h; path = "../src/Name.h"; sourceTree = "<group>"; };
		5D183540E800C20D8C34FA59 /* Parser.h */ = {isa = PBXFileReference; lastKnownFileType = sourcecode.c.h; name = Parser.h; path = "../src/Parser.h"; sourceTree = "<group>"; };
		2FB500085E7EEEBDFE98884D /* Preprocessor.h */ = {isa = PBXFileReference; lastKnownFileType = sourcecode.c.h; name = Preprocessor.h; path = "../src/Preprocessor.h"; sourceTree = "<group>"; };
		89135EFA2CE6CD9678C83164 /* Source.h */ = {isa = PBXFileReference; lastKnownFileType = sourcecode.c.h; name = Source.h; path = "../src/Source.h"; sourceTree = "<group>"; };
		EFB2C2FE15E86CFA56F6C459 /* Type.h */ = {isa = PBXFileReference; lastKnownFileType = sourcecode.c.h; name = Type.h; path = "../src/Type.h"; sourceTree = "<group>"; };
		343C1B79389BBF31FEC696F5 /* Arm64Darwin.h */ = {isa = PBXFileReference; lastKnownFileType = sourcecode.c.h; name = Arm64Darwin.h; path = "../src/backend/Arm64Darwin.h"; sourceTree = "<group>"; };
		53EFD8CC7CB03B67DADDA294 /* Backend.h */ = {isa = PBXFileReference; lastKnownFileType = sourcecode.c.h; name = Backend.h; path = "../src/backend/Backend.h"; sourceTree = "<group>"; };
		B0E72217517AEE1C4F7940D4 /* CodeView.h */ = {isa = PBXFileReference; lastKnownFileType = sourcecode.c.h; name = CodeView.h; path = "../src/backend/CodeView.h"; sourceTree = "<group>"; };
		4385E0CD8761F0F11B0131BB /* Dwarf.h */ = {isa = PBXFileReference; lastKnownFileType = sourcecode.c.h; name = Dwarf.h; path = "../src/backend/Dwarf.h"; sourceTree = "<group>"; };
		326B43087F9FF0969A1F8F79 /* Masm.h */ = {isa = PBXFileReference; lastKnownFileType = sourcecode.c.h; name = Masm.h; path = "../src/backend/Masm.h"; sourceTree = "<group>"; };
		DF4191205D95634ED0AAC884 /* Optimizer.h */ = {isa = PBXFileReference; lastKnownFileType = sourcecode.c.h; name = Optimizer.h; path = "../src/backend/Optimizer.h"; sourceTree = "<group>"; };
		A9A1194FC9BA4491688B00EC /* Spelling.h */ = {isa = PBXFileReference; lastKnownFileType = sourcecode.c.h; name = Spelling.h; path = "../src/backend/Spelling.h"; sourceTree = "<group>"; };
		1A090AFCE8174A1DE49C9C54 /* Tms6747.h */ = {isa = PBXFileReference; lastKnownFileType = sourcecode.c.h; name = Tms6747.h; path = "../src/backend/Tms6747.h"; sourceTree = "<group>"; };
		C681B0D6A27FF7AEF4F8EF84 /* Walker.h */ = {isa = PBXFileReference; lastKnownFileType = sourcecode.c.h; name = Walker.h; path = "../src/backend/Walker.h"; sourceTree = "<group>"; };
		12A5F71977D26CEE2AF1E2A4 /* X86_64Linux.h */ = {isa = PBXFileReference; lastKnownFileType = sourcecode.c.h; name = X86_64Linux.h; path = "../src/backend/X86_64Linux.h"; sourceTree = "<group>"; };
		D9E2165876940A054181ABEA /* X86_64Windows.h */ = {isa = PBXFileReference; lastKnownFileType = sourcecode.c.h; name = X86_64Windows.h; path = "../src/backend/X86_64Windows.h"; sourceTree = "<group>"; };
		520B779DC5A1C1F95959FAA4 /* c90.exe */ = {isa = PBXFileReference; explicitFileType = "compiled.mach-o.executable"; includeInIndex = 0; path = c90.exe; sourceTree = BUILT_PRODUCTS_DIR; };
/* End PBXFileReference section */

/* Begin PBXGroup section */
		E50290A24C49A459B43487C5 = {
			isa = PBXGroup;
			children = (
				A173A0AB96D262E59683CFDF /* src */,
				21FE160B6DD0E7600646E69C /* src/backend */,
				1EE63A94BAD0DF0FCB0E7B8C /* Products */,
			);
			sourceTree = "<group>";
		};
		1EE63A94BAD0DF0FCB0E7B8C /* Products */ = {
			isa = PBXGroup;
			children = (
				520B779DC5A1C1F95959FAA4 /* c90.exe */,
			);
			name = Products;
			sourceTree = "<group>";
		};
		A173A0AB96D262E59683CFDF /* src */ = {
			isa = PBXGroup;
			children = (
				14EC8B53EDE3CAB952E236AA /* Ast.h */,
				F3DF4061005105B66B7C5431 /* Driver.cpp */,
				E25192F3CFDB944FC301A31E /* Driver.h */,
				CB2D6E30A0DA359152CB1886 /* Lexer.cpp */,
				4C2F56CF1CF972F1F6562B1B /* Lexer.h */,
				2DA8CF60A538466FE3C8F3CD /* Name.h */,
				75C288D1915E2E4AAD070C73 /* Parser.cpp */,
				5D183540E800C20D8C34FA59 /* Parser.h */,
				D50718FBCC03E7BCB1F6DC50 /* Preprocessor.cpp */,
				2FB500085E7EEEBDFE98884D /* Preprocessor.h */,
				859ACBF2A15D1132F631212A /* Source.cpp */,
				89135EFA2CE6CD9678C83164 /* Source.h */,
				DDE8B9A37A9782BB379AF4B9 /* Type.cpp */,
				EFB2C2FE15E86CFA56F6C459 /* Type.h */,
				0622243F82CE24842E74D759 /* main.cpp */,
			);
			name = "src";
			sourceTree = "<group>";
		};
		21FE160B6DD0E7600646E69C /* src/backend */ = {
			isa = PBXGroup;
			children = (
				201EE94DC01106B98E56A367 /* Arm64Darwin.cpp */,
				343C1B79389BBF31FEC696F5 /* Arm64Darwin.h */,
				12856577CF3E39497DC00394 /* Backend.cpp */,
				53EFD8CC7CB03B67DADDA294 /* Backend.h */,
				014B716F8D60978411FBC05E /* CodeView.cpp */,
				B0E72217517AEE1C4F7940D4 /* CodeView.h */,
				44939D11634EA517FF5020E4 /* Dwarf.cpp */,
				4385E0CD8761F0F11B0131BB /* Dwarf.h */,
				26553B240B204AB828F1E28D /* Masm.cpp */,
				326B43087F9FF0969A1F8F79 /* Masm.h */,
				63643181E795B125B2323F2B /* Optimizer.cpp */,
				DF4191205D95634ED0AAC884 /* Optimizer.h */,
				67D0740B42D9A977D2929C12 /* Spelling.cpp */,
				A9A1194FC9BA4491688B00EC /* Spelling.h */,
				24D682BAD7A7437D87895552 /* Tms6747.cpp */,
				1A090AFCE8174A1DE49C9C54 /* Tms6747.h */,
				91CE00C0935BDE384E519CE8 /* Walker.cpp */,
				C681B0D6A27FF7AEF4F8EF84 /* Walker.h */,
				334CD99BDE8B6A591C8500E5 /* X86_64Linux.cpp */,
				12A5F71977D26CEE2AF1E2A4 /* X86_64Linux.h */,
				80025E52DA32488A2EF7539F /* X86_64Windows.cpp */,
				D9E2165876940A054181ABEA /* X86_64Windows.h */,
			);
			name = "src/backend";
			sourceTree = "<group>";
		};
/* End PBXGroup section */

/* Begin PBXNativeTarget section */
		DA7E18966E5A34FC3F83139C /* cc1 */ = {
			isa = PBXNativeTarget;
			buildConfigurationList = B0F3D20354BE0C20B8849EC6;
			buildPhases = (
				BCE16DD0260827ECF338C787 /* Sources */,
			);
			dependencies = ();
			name = cc1;
			productName = c90.exe;
			productReference = 520B779DC5A1C1F95959FAA4 /* c90.exe */;
			productType = "com.apple.product-type.tool";
		};
/* End PBXNativeTarget section */

/* Begin PBXProject section */
		98F54143AB4E86B28C3AFEE0 /* Project object */ = {
			isa = PBXProject;
			attributes = {
				BuildIndependentTargetsInParallel = 1;
				LastUpgradeCheck = 2600;
			};
			buildConfigurationList = 0289B0AC44C46F37D521AB4E;
			compatibilityVersion = "Xcode 14.0";
			developmentRegion = en;
			hasScannedForEncodings = 0;
			knownRegions = (en, Base);
			mainGroup = E50290A24C49A459B43487C5;
			productRefGroup = 1EE63A94BAD0DF0FCB0E7B8C /* Products */;
			projectDirPath = "";
			projectRoot = "";
			targets = (
				DA7E18966E5A34FC3F83139C /* cc1 */,
			);
		};
/* End PBXProject section */

/* Begin PBXSourcesBuildPhase section */
		BCE16DD0260827ECF338C787 /* Sources */ = {
			isa = PBXSourcesBuildPhase;
			buildActionMask = 2147483647;
			files = (
				DBCA475D1E4FAFCC4CB67EBB /* Driver.cpp in Sources */,
				21FFED23CF93F6A22C422DE2 /* Lexer.cpp in Sources */,
				50C8C0780309277A4DA7684D /* Parser.cpp in Sources */,
				8247B1197907FCEA984EA7F3 /* Preprocessor.cpp in Sources */,
				AB67CDCA7933FCE8DB69809D /* Source.cpp in Sources */,
				DB679FB7619D3DDA1AB1A714 /* Type.cpp in Sources */,
				2375206DA1BADDDD664A3BF2 /* main.cpp in Sources */,
				CEA9F161EB296A691B9FAD8F /* Arm64Darwin.cpp in Sources */,
				2B45FAC274DFDD7BB8B6D32A /* Backend.cpp in Sources */,
				3B9E54C39B30AE1A7AB99ABB /* CodeView.cpp in Sources */,
				9B580F5362355E1FE8EE1106 /* Dwarf.cpp in Sources */,
				D3E14047F25C331F429FE184 /* Masm.cpp in Sources */,
				B87269B3057FAF3398D61CB4 /* Optimizer.cpp in Sources */,
				E449C770B3AB69E828AA4C23 /* Spelling.cpp in Sources */,
				4C3E931330523331CA3D79DD /* Tms6747.cpp in Sources */,
				ECFF4ADB02FA0FDCA8E5E830 /* Walker.cpp in Sources */,
				DEA45A10FA3892FD4AE58700 /* X86_64Linux.cpp in Sources */,
				AD991EF6B756D66904E0D106 /* X86_64Windows.cpp in Sources */,
			);
			runOnlyForDeploymentPostprocessing = 0;
		};
/* End PBXSourcesBuildPhase section */

/* Begin XCBuildConfiguration section */
		D9F5453D89A90B27A9649A98 /* Debug */ = {
			isa = XCBuildConfiguration;
			buildSettings = {
				ALWAYS_SEARCH_USER_PATHS = NO;
				GCC_WARN_64_TO_32_BIT_CONVERSION = NO;
				ONLY_ACTIVE_ARCH = YES;
				CLANG_CXX_LANGUAGE_STANDARD = "c++14";
				CLANG_CXX_LIBRARY = "libc++";
				CLANG_ENABLE_OBJC_ARC = YES;
				CODE_SIGN_STYLE = Automatic;
				GCC_TREAT_WARNINGS_AS_ERRORS = YES;
				WARNING_CFLAGS = (
					"-Wall",
					"-Wextra",
					"-pedantic",
				);
				GCC_PREPROCESSOR_DEFINITIONS = (
					"CC1_INCLUDE_DIR=\\\"$(SRCROOT)/../lib\\\"",
				);
				PRODUCT_NAME = "c90.exe";
				HEADER_SEARCH_PATHS = "$(SRCROOT)/../src";
				SYMROOT = "$(TMPDIR)/ride-xcode";
				OBJROOT = "$(TMPDIR)/ride-xcode";
				MACOSX_DEPLOYMENT_TARGET = 12.0;
				GCC_OPTIMIZATION_LEVEL = 0;
			};
			name = Debug;
		};
		A58AC78D814DA761431D9F9C /* Release */ = {
			isa = XCBuildConfiguration;
			buildSettings = {
				ALWAYS_SEARCH_USER_PATHS = NO;
				GCC_WARN_64_TO_32_BIT_CONVERSION = NO;
				ONLY_ACTIVE_ARCH = YES;
				CLANG_CXX_LANGUAGE_STANDARD = "c++14";
				CLANG_CXX_LIBRARY = "libc++";
				CLANG_ENABLE_OBJC_ARC = YES;
				CODE_SIGN_STYLE = Automatic;
				GCC_TREAT_WARNINGS_AS_ERRORS = YES;
				WARNING_CFLAGS = (
					"-Wall",
					"-Wextra",
					"-pedantic",
				);
				GCC_PREPROCESSOR_DEFINITIONS = (
					"CC1_INCLUDE_DIR=\\\"$(SRCROOT)/../lib\\\"",
				);
				PRODUCT_NAME = "c90.exe";
				HEADER_SEARCH_PATHS = "$(SRCROOT)/../src";
				SYMROOT = "$(TMPDIR)/ride-xcode";
				OBJROOT = "$(TMPDIR)/ride-xcode";
				MACOSX_DEPLOYMENT_TARGET = 12.0;
				GCC_OPTIMIZATION_LEVEL = 2;
			};
			name = Release;
		};
		5CDC95DACFA699F887E94779 /* Debug */ = {
			isa = XCBuildConfiguration;
			buildSettings = {
				PRODUCT_NAME = "c90.exe";
			};
			name = Debug;
		};
		3DD8C2C9CEEB943FC16BC582 /* Release */ = {
			isa = XCBuildConfiguration;
			buildSettings = {
				PRODUCT_NAME = "c90.exe";
			};
			name = Release;
		};
/* End XCBuildConfiguration section */

/* Begin XCConfigurationList section */
		0289B0AC44C46F37D521AB4E = {
			isa = XCConfigurationList;
			buildConfigurations = (
				D9F5453D89A90B27A9649A98 /* Debug */,
				A58AC78D814DA761431D9F9C /* Release */,
			);
			defaultConfigurationIsVisible = 0;
			defaultConfigurationName = Release;
		};
		B0F3D20354BE0C20B8849EC6 = {
			isa = XCConfigurationList;
			buildConfigurations = (
				5CDC95DACFA699F887E94779 /* Debug */,
				3DD8C2C9CEEB943FC16BC582 /* Release */,
			);
			defaultConfigurationIsVisible = 0;
			defaultConfigurationName = Release;
		};
/* End XCConfigurationList section */
	};
	rootObject = 98F54143AB4E86B28C3AFEE0 /* Project object */;
}
