// !$*UTF8*$!
{
	archiveVersion = 1;
	classes = {
	};
	objectVersion = 56;
	objects = {

/* Begin PBXBuildFile section */
		6746A196C5C879B6F1B9C47D /* src/Driver.cpp in Sources */ = {isa = PBXBuildFile; fileRef = B2900275E2ADFD103979F725 /* src/Driver.cpp */; };
		6424F889C75BF3EE67CE16D2 /* src/Lexer.cpp in Sources */ = {isa = PBXBuildFile; fileRef = 54A7CD8195D959A837636D0B /* src/Lexer.cpp */; };
		F6F1F631103444821E300541 /* src/Parser.cpp in Sources */ = {isa = PBXBuildFile; fileRef = 07710893B88737BB9F4FE6AF /* src/Parser.cpp */; };
		E862C6EE8F778E3A719D0BE0 /* src/Preprocessor.cpp in Sources */ = {isa = PBXBuildFile; fileRef = 9BD8605D502660F4D9CDD476 /* src/Preprocessor.cpp */; };
		0D7D75E54A1E84502A93691B /* src/Source.cpp in Sources */ = {isa = PBXBuildFile; fileRef = DEBDD88299E7184C2F49D699 /* src/Source.cpp */; };
		F1A19927B10B408C723CEB6E /* src/Type.cpp in Sources */ = {isa = PBXBuildFile; fileRef = 27F995B3CDE50D11E27FA248 /* src/Type.cpp */; };
		FF6A78746FC4EFB46154AFD3 /* src/main.cpp in Sources */ = {isa = PBXBuildFile; fileRef = D15AF6BF2945994A036B2F5D /* src/main.cpp */; };
		AA4DA6D4A4AC8350F32D0567 /* src/backend/Arm64Darwin.cpp in Sources */ = {isa = PBXBuildFile; fileRef = 86925A34ADA0AA57AF63951C /* src/backend/Arm64Darwin.cpp */; };
		AB2DC3CD15B8398ADD163D29 /* src/backend/Backend.cpp in Sources */ = {isa = PBXBuildFile; fileRef = 92C7B1BCF450C4AF695640EF /* src/backend/Backend.cpp */; };
		2B3220DDB1F036F4B6F69381 /* src/backend/Dwarf.cpp in Sources */ = {isa = PBXBuildFile; fileRef = 907DBFFED6F986142D510C96 /* src/backend/Dwarf.cpp */; };
		4EF0FE6957CAD25E8F6373F1 /* src/backend/Masm.cpp in Sources */ = {isa = PBXBuildFile; fileRef = C4334E21EAD9CEBADA5D44E1 /* src/backend/Masm.cpp */; };
		E7D09005CC45E7A3442875A4 /* src/backend/Optimizer.cpp in Sources */ = {isa = PBXBuildFile; fileRef = FBF8D365C819167A4A6FFEF4 /* src/backend/Optimizer.cpp */; };
		9EF89E6CD56E1F972894AEF5 /* src/backend/Spelling.cpp in Sources */ = {isa = PBXBuildFile; fileRef = F90E11EFFB9857BFA92D6D6C /* src/backend/Spelling.cpp */; };
		8A993E914130953C16F290F7 /* src/backend/Tms6747.cpp in Sources */ = {isa = PBXBuildFile; fileRef = 8E459BD16D2D8C4CC486CAD3 /* src/backend/Tms6747.cpp */; };
		174C6519EF64F26FCD8C2785 /* src/backend/Walker.cpp in Sources */ = {isa = PBXBuildFile; fileRef = 52D628CBAF18E6A477D75DEE /* src/backend/Walker.cpp */; };
		87285EA6D688FB56E66BF7C9 /* src/backend/X86_64Linux.cpp in Sources */ = {isa = PBXBuildFile; fileRef = 49E8937D63FD683DE6CF8A9D /* src/backend/X86_64Linux.cpp */; };
		37FB8B10E0EE7FB74085D95B /* src/backend/X86_64Windows.cpp in Sources */ = {isa = PBXBuildFile; fileRef = C0D714F9FC5E7278C6A1E09F /* src/backend/X86_64Windows.cpp */; };
/* End PBXBuildFile section */

/* Begin PBXFileReference section */
		B2900275E2ADFD103979F725 /* src/Driver.cpp */ = {isa = PBXFileReference; lastKnownFileType = sourcecode.cpp.cpp; path = src/Driver.cpp; sourceTree = "<group>"; };
		54A7CD8195D959A837636D0B /* src/Lexer.cpp */ = {isa = PBXFileReference; lastKnownFileType = sourcecode.cpp.cpp; path = src/Lexer.cpp; sourceTree = "<group>"; };
		07710893B88737BB9F4FE6AF /* src/Parser.cpp */ = {isa = PBXFileReference; lastKnownFileType = sourcecode.cpp.cpp; path = src/Parser.cpp; sourceTree = "<group>"; };
		9BD8605D502660F4D9CDD476 /* src/Preprocessor.cpp */ = {isa = PBXFileReference; lastKnownFileType = sourcecode.cpp.cpp; path = src/Preprocessor.cpp; sourceTree = "<group>"; };
		DEBDD88299E7184C2F49D699 /* src/Source.cpp */ = {isa = PBXFileReference; lastKnownFileType = sourcecode.cpp.cpp; path = src/Source.cpp; sourceTree = "<group>"; };
		27F995B3CDE50D11E27FA248 /* src/Type.cpp */ = {isa = PBXFileReference; lastKnownFileType = sourcecode.cpp.cpp; path = src/Type.cpp; sourceTree = "<group>"; };
		D15AF6BF2945994A036B2F5D /* src/main.cpp */ = {isa = PBXFileReference; lastKnownFileType = sourcecode.cpp.cpp; path = src/main.cpp; sourceTree = "<group>"; };
		86925A34ADA0AA57AF63951C /* src/backend/Arm64Darwin.cpp */ = {isa = PBXFileReference; lastKnownFileType = sourcecode.cpp.cpp; path = src/backend/Arm64Darwin.cpp; sourceTree = "<group>"; };
		92C7B1BCF450C4AF695640EF /* src/backend/Backend.cpp */ = {isa = PBXFileReference; lastKnownFileType = sourcecode.cpp.cpp; path = src/backend/Backend.cpp; sourceTree = "<group>"; };
		907DBFFED6F986142D510C96 /* src/backend/Dwarf.cpp */ = {isa = PBXFileReference; lastKnownFileType = sourcecode.cpp.cpp; path = src/backend/Dwarf.cpp; sourceTree = "<group>"; };
		C4334E21EAD9CEBADA5D44E1 /* src/backend/Masm.cpp */ = {isa = PBXFileReference; lastKnownFileType = sourcecode.cpp.cpp; path = src/backend/Masm.cpp; sourceTree = "<group>"; };
		FBF8D365C819167A4A6FFEF4 /* src/backend/Optimizer.cpp */ = {isa = PBXFileReference; lastKnownFileType = sourcecode.cpp.cpp; path = src/backend/Optimizer.cpp; sourceTree = "<group>"; };
		F90E11EFFB9857BFA92D6D6C /* src/backend/Spelling.cpp */ = {isa = PBXFileReference; lastKnownFileType = sourcecode.cpp.cpp; path = src/backend/Spelling.cpp; sourceTree = "<group>"; };
		8E459BD16D2D8C4CC486CAD3 /* src/backend/Tms6747.cpp */ = {isa = PBXFileReference; lastKnownFileType = sourcecode.cpp.cpp; path = src/backend/Tms6747.cpp; sourceTree = "<group>"; };
		52D628CBAF18E6A477D75DEE /* src/backend/Walker.cpp */ = {isa = PBXFileReference; lastKnownFileType = sourcecode.cpp.cpp; path = src/backend/Walker.cpp; sourceTree = "<group>"; };
		49E8937D63FD683DE6CF8A9D /* src/backend/X86_64Linux.cpp */ = {isa = PBXFileReference; lastKnownFileType = sourcecode.cpp.cpp; path = src/backend/X86_64Linux.cpp; sourceTree = "<group>"; };
		C0D714F9FC5E7278C6A1E09F /* src/backend/X86_64Windows.cpp */ = {isa = PBXFileReference; lastKnownFileType = sourcecode.cpp.cpp; path = src/backend/X86_64Windows.cpp; sourceTree = "<group>"; };
		AA53367A391E950F5934864D /* src/Ast.h */ = {isa = PBXFileReference; lastKnownFileType = sourcecode.c.h; path = src/Ast.h; sourceTree = "<group>"; };
		BEDADD2661C71B981673CC39 /* src/Driver.h */ = {isa = PBXFileReference; lastKnownFileType = sourcecode.c.h; path = src/Driver.h; sourceTree = "<group>"; };
		11A67EB2B578564C9A908059 /* src/Lexer.h */ = {isa = PBXFileReference; lastKnownFileType = sourcecode.c.h; path = src/Lexer.h; sourceTree = "<group>"; };
		27F3EE1E4D62493E82C1D792 /* src/Name.h */ = {isa = PBXFileReference; lastKnownFileType = sourcecode.c.h; path = src/Name.h; sourceTree = "<group>"; };
		D7B3DE9634AFCFCD4C4E9A87 /* src/Parser.h */ = {isa = PBXFileReference; lastKnownFileType = sourcecode.c.h; path = src/Parser.h; sourceTree = "<group>"; };
		4E8CDE7533E4511514B00636 /* src/Preprocessor.h */ = {isa = PBXFileReference; lastKnownFileType = sourcecode.c.h; path = src/Preprocessor.h; sourceTree = "<group>"; };
		3F4E0866159FDA61D3BB9F31 /* src/Source.h */ = {isa = PBXFileReference; lastKnownFileType = sourcecode.c.h; path = src/Source.h; sourceTree = "<group>"; };
		4754902B4510D86C37AF3ADC /* src/Type.h */ = {isa = PBXFileReference; lastKnownFileType = sourcecode.c.h; path = src/Type.h; sourceTree = "<group>"; };
		C3AFD492BDF0309D64060554 /* src/backend/Arm64Darwin.h */ = {isa = PBXFileReference; lastKnownFileType = sourcecode.c.h; path = src/backend/Arm64Darwin.h; sourceTree = "<group>"; };
		0D604DF77D241ED7249F667D /* src/backend/Backend.h */ = {isa = PBXFileReference; lastKnownFileType = sourcecode.c.h; path = src/backend/Backend.h; sourceTree = "<group>"; };
		8419A5A69A2543C31170D00B /* src/backend/Dwarf.h */ = {isa = PBXFileReference; lastKnownFileType = sourcecode.c.h; path = src/backend/Dwarf.h; sourceTree = "<group>"; };
		ECDB1A39362E433400EFA4B3 /* src/backend/Masm.h */ = {isa = PBXFileReference; lastKnownFileType = sourcecode.c.h; path = src/backend/Masm.h; sourceTree = "<group>"; };
		8CE096283032C2FBB811C655 /* src/backend/Optimizer.h */ = {isa = PBXFileReference; lastKnownFileType = sourcecode.c.h; path = src/backend/Optimizer.h; sourceTree = "<group>"; };
		C306742CD81E81422DE61B35 /* src/backend/Spelling.h */ = {isa = PBXFileReference; lastKnownFileType = sourcecode.c.h; path = src/backend/Spelling.h; sourceTree = "<group>"; };
		B58AD9AC9F33E448ABA0F09E /* src/backend/Tms6747.h */ = {isa = PBXFileReference; lastKnownFileType = sourcecode.c.h; path = src/backend/Tms6747.h; sourceTree = "<group>"; };
		9E55EF2BE3BB79D511FF8686 /* src/backend/Walker.h */ = {isa = PBXFileReference; lastKnownFileType = sourcecode.c.h; path = src/backend/Walker.h; sourceTree = "<group>"; };
		E9C6F9E54A0DA938C264F0BE /* src/backend/X86_64Linux.h */ = {isa = PBXFileReference; lastKnownFileType = sourcecode.c.h; path = src/backend/X86_64Linux.h; sourceTree = "<group>"; };
		91712E7AD9D11ED11F1A2E4B /* src/backend/X86_64Windows.h */ = {isa = PBXFileReference; lastKnownFileType = sourcecode.c.h; path = src/backend/X86_64Windows.h; sourceTree = "<group>"; };
		520B779DC5A1C1F95959FAA4 /* c90.exe */ = {isa = PBXFileReference; explicitFileType = "compiled.mach-o.executable"; includeInIndex = 0; path = c90.exe; sourceTree = BUILT_PRODUCTS_DIR; };
/* End PBXFileReference section */

/* Begin PBXFrameworksBuildPhase section */
		D460FC9BB908F2DFCCE8BB1D /* Frameworks */ = {
			isa = PBXFrameworksBuildPhase;
			buildActionMask = 2147483647;
			files = (
			);
			runOnlyForDeploymentPostprocessing = 0;
		};
/* End PBXFrameworksBuildPhase section */

/* Begin PBXGroup section */
		1D9D3AB05FF32AB575897D9C = {
			isa = PBXGroup;
			children = (
				60F2A74127E0D64FE1DB186C /* Sources */,
				0C07E55C4CE7C76742FF464D /* Products */,
			);
			sourceTree = "<group>";
		};
		60F2A74127E0D64FE1DB186C /* Sources */ = {
			isa = PBXGroup;
			children = (
				B2900275E2ADFD103979F725 /* src/Driver.cpp */,
				54A7CD8195D959A837636D0B /* src/Lexer.cpp */,
				07710893B88737BB9F4FE6AF /* src/Parser.cpp */,
				9BD8605D502660F4D9CDD476 /* src/Preprocessor.cpp */,
				DEBDD88299E7184C2F49D699 /* src/Source.cpp */,
				27F995B3CDE50D11E27FA248 /* src/Type.cpp */,
				D15AF6BF2945994A036B2F5D /* src/main.cpp */,
				86925A34ADA0AA57AF63951C /* src/backend/Arm64Darwin.cpp */,
				92C7B1BCF450C4AF695640EF /* src/backend/Backend.cpp */,
				907DBFFED6F986142D510C96 /* src/backend/Dwarf.cpp */,
				C4334E21EAD9CEBADA5D44E1 /* src/backend/Masm.cpp */,
				FBF8D365C819167A4A6FFEF4 /* src/backend/Optimizer.cpp */,
				F90E11EFFB9857BFA92D6D6C /* src/backend/Spelling.cpp */,
				8E459BD16D2D8C4CC486CAD3 /* src/backend/Tms6747.cpp */,
				52D628CBAF18E6A477D75DEE /* src/backend/Walker.cpp */,
				49E8937D63FD683DE6CF8A9D /* src/backend/X86_64Linux.cpp */,
				C0D714F9FC5E7278C6A1E09F /* src/backend/X86_64Windows.cpp */,
				AA53367A391E950F5934864D /* src/Ast.h */,
				BEDADD2661C71B981673CC39 /* src/Driver.h */,
				11A67EB2B578564C9A908059 /* src/Lexer.h */,
				27F3EE1E4D62493E82C1D792 /* src/Name.h */,
				D7B3DE9634AFCFCD4C4E9A87 /* src/Parser.h */,
				4E8CDE7533E4511514B00636 /* src/Preprocessor.h */,
				3F4E0866159FDA61D3BB9F31 /* src/Source.h */,
				4754902B4510D86C37AF3ADC /* src/Type.h */,
				C3AFD492BDF0309D64060554 /* src/backend/Arm64Darwin.h */,
				0D604DF77D241ED7249F667D /* src/backend/Backend.h */,
				8419A5A69A2543C31170D00B /* src/backend/Dwarf.h */,
				ECDB1A39362E433400EFA4B3 /* src/backend/Masm.h */,
				8CE096283032C2FBB811C655 /* src/backend/Optimizer.h */,
				C306742CD81E81422DE61B35 /* src/backend/Spelling.h */,
				B58AD9AC9F33E448ABA0F09E /* src/backend/Tms6747.h */,
				9E55EF2BE3BB79D511FF8686 /* src/backend/Walker.h */,
				E9C6F9E54A0DA938C264F0BE /* src/backend/X86_64Linux.h */,
				91712E7AD9D11ED11F1A2E4B /* src/backend/X86_64Windows.h */,
			);
			name = Sources;
			sourceTree = "<group>";
		};
		0C07E55C4CE7C76742FF464D /* Products */ = {
			isa = PBXGroup;
			children = (
				520B779DC5A1C1F95959FAA4 /* c90.exe */,
			);
			name = Products;
			sourceTree = "<group>";
		};
/* End PBXGroup section */

/* Begin PBXNativeTarget section */
		DA7E18966E5A34FC3F83139C /* c90.exe */ = {
			isa = PBXNativeTarget;
			buildConfigurationList = F93746C21E322605EAF0104F;
			buildPhases = (
				459353A366AC83F61D46AA57 /* Sources */,
				D460FC9BB908F2DFCCE8BB1D /* Frameworks */,
				F5EBA4FB1481B4BFA6CCC18C /* put the finished program in RIDE's directory */,
			);
			buildRules = (
			);
			dependencies = (
			);
			name = c90.exe;
			productName = c90.exe;
			productReference = 520B779DC5A1C1F95959FAA4 /* c90.exe */;
			productType = "com.apple.product-type.tool";
		};
/* End PBXNativeTarget section */

/* Begin PBXProject section */
		FE039D60B6E3A9CCB84F63DF /* Project object */ = {
			isa = PBXProject;
			attributes = {
				BuildIndependentTargetsInParallel = 1;
				LastUpgradeCheck = 1600;
			};
			buildConfigurationList = 234DBBD2EE4E522A0082CD04;
			developmentRegion = en;
			hasScannedForEncodings = 0;
			knownRegions = (
				en,
				Base,
			);
			mainGroup = 1D9D3AB05FF32AB575897D9C;
			productRefGroup = 0C07E55C4CE7C76742FF464D /* Products */;
			projectDirPath = "";
			projectRoot = "";
			targets = (
				DA7E18966E5A34FC3F83139C /* c90.exe */,
			);
		};
/* End PBXProject section */

/* Begin PBXShellScriptBuildPhase section */
		F5EBA4FB1481B4BFA6CCC18C /* put the finished program in RIDE's directory */ = {
			isa = PBXShellScriptBuildPhase;
			alwaysOutOfDate = 1;
			buildActionMask = 2147483647;
			files = (
			);
			inputPaths = (
			);
			name = "put the finished program in RIDE's directory";
			outputPaths = (
			);
			runOnlyForDeploymentPostprocessing = 0;
			shellPath = /bin/sh;
			shellScript = "set -e\ndest=\"$SRCROOT/../../RIDE\"\nmkdir -p \"$dest\"\ncp -f \"$BUILT_PRODUCTS_DIR/$PRODUCT_NAME\" \"$dest/.$PRODUCT_NAME.new\"\nmv -f \"$dest/.$PRODUCT_NAME.new\" \"$dest/$PRODUCT_NAME\"\ncodesign --force --sign - \"$dest/$PRODUCT_NAME\"\n";
		};
/* End PBXShellScriptBuildPhase section */

/* Begin PBXSourcesBuildPhase section */
		459353A366AC83F61D46AA57 /* Sources */ = {
			isa = PBXSourcesBuildPhase;
			buildActionMask = 2147483647;
			files = (
				6746A196C5C879B6F1B9C47D /* src/Driver.cpp in Sources */,
				6424F889C75BF3EE67CE16D2 /* src/Lexer.cpp in Sources */,
				F6F1F631103444821E300541 /* src/Parser.cpp in Sources */,
				E862C6EE8F778E3A719D0BE0 /* src/Preprocessor.cpp in Sources */,
				0D7D75E54A1E84502A93691B /* src/Source.cpp in Sources */,
				F1A19927B10B408C723CEB6E /* src/Type.cpp in Sources */,
				FF6A78746FC4EFB46154AFD3 /* src/main.cpp in Sources */,
				AA4DA6D4A4AC8350F32D0567 /* src/backend/Arm64Darwin.cpp in Sources */,
				AB2DC3CD15B8398ADD163D29 /* src/backend/Backend.cpp in Sources */,
				2B3220DDB1F036F4B6F69381 /* src/backend/Dwarf.cpp in Sources */,
				4EF0FE6957CAD25E8F6373F1 /* src/backend/Masm.cpp in Sources */,
				E7D09005CC45E7A3442875A4 /* src/backend/Optimizer.cpp in Sources */,
				9EF89E6CD56E1F972894AEF5 /* src/backend/Spelling.cpp in Sources */,
				8A993E914130953C16F290F7 /* src/backend/Tms6747.cpp in Sources */,
				174C6519EF64F26FCD8C2785 /* src/backend/Walker.cpp in Sources */,
				87285EA6D688FB56E66BF7C9 /* src/backend/X86_64Linux.cpp in Sources */,
				37FB8B10E0EE7FB74085D95B /* src/backend/X86_64Windows.cpp in Sources */,
			);
			runOnlyForDeploymentPostprocessing = 0;
		};
/* End PBXSourcesBuildPhase section */

/* Begin XCBuildConfiguration section */
		1F68F3B9894D2BDA40CF828C /* Debug */ = {
			isa = XCBuildConfiguration;
			buildSettings = {
				ALWAYS_SEARCH_USER_PATHS = NO;
				OBJROOT = "$(TMPDIR)/ride-xcode";
				SYMROOT = "$(TMPDIR)/ride-xcode";
				CLANG_CXX_LANGUAGE_STANDARD = "c++14";
				CLANG_ENABLE_OBJC_ARC = YES;
				CLANG_WARN_IMPLICIT_SIGN_CONVERSION = NO;
				CODE_SIGN_STYLE = Automatic;
				GCC_TREAT_WARNINGS_AS_ERRORS = YES;
				GCC_WARN_64_TO_32_BIT_CONVERSION = NO;
				MACOSX_DEPLOYMENT_TARGET = 12.0;
				PRODUCT_NAME = c90.exe;
				SDKROOT = macosx;
				USER_HEADER_SEARCH_PATHS = "$(SRCROOT)/src $(SRCROOT)/lib";
				WARNING_CFLAGS = (
					"-Wall",
					"-Wextra",
					"-pedantic",
				);
				GCC_PREPROCESSOR_DEFINITIONS = "CC1_INCLUDE_DIR=\\\"$(SRCROOT)/lib\\\"";
				DEBUG_INFORMATION_FORMAT = dwarf;
				GCC_OPTIMIZATION_LEVEL = 0;
			};
			name = Debug;
		};
		0974E9CE8AD9E8232E931333 /* Release */ = {
			isa = XCBuildConfiguration;
			buildSettings = {
				ALWAYS_SEARCH_USER_PATHS = NO;
				OBJROOT = "$(TMPDIR)/ride-xcode";
				SYMROOT = "$(TMPDIR)/ride-xcode";
				CLANG_CXX_LANGUAGE_STANDARD = "c++14";
				CLANG_ENABLE_OBJC_ARC = YES;
				CLANG_WARN_IMPLICIT_SIGN_CONVERSION = NO;
				CODE_SIGN_STYLE = Automatic;
				GCC_TREAT_WARNINGS_AS_ERRORS = YES;
				GCC_WARN_64_TO_32_BIT_CONVERSION = NO;
				MACOSX_DEPLOYMENT_TARGET = 12.0;
				PRODUCT_NAME = c90.exe;
				SDKROOT = macosx;
				USER_HEADER_SEARCH_PATHS = "$(SRCROOT)/src $(SRCROOT)/lib";
				WARNING_CFLAGS = (
					"-Wall",
					"-Wextra",
					"-pedantic",
				);
				GCC_PREPROCESSOR_DEFINITIONS = "CC1_INCLUDE_DIR=\\\"$(SRCROOT)/lib\\\"";
				DEBUG_INFORMATION_FORMAT = "dwarf-with-dsym";
				GCC_OPTIMIZATION_LEVEL = 2;
			};
			name = Release;
		};
		EA8D1C4B7FA83EB6F35635F3 /* Debug */ = {
			isa = XCBuildConfiguration;
			buildSettings = {
				ALWAYS_SEARCH_USER_PATHS = NO;
				OBJROOT = "$(TMPDIR)/ride-xcode";
				SYMROOT = "$(TMPDIR)/ride-xcode";
				CLANG_CXX_LANGUAGE_STANDARD = "c++14";
				CLANG_ENABLE_OBJC_ARC = YES;
				CLANG_WARN_IMPLICIT_SIGN_CONVERSION = NO;
				CODE_SIGN_STYLE = Automatic;
				GCC_TREAT_WARNINGS_AS_ERRORS = YES;
				GCC_WARN_64_TO_32_BIT_CONVERSION = NO;
				MACOSX_DEPLOYMENT_TARGET = 12.0;
				PRODUCT_NAME = c90.exe;
				SDKROOT = macosx;
				USER_HEADER_SEARCH_PATHS = "$(SRCROOT)/src $(SRCROOT)/lib";
				WARNING_CFLAGS = (
					"-Wall",
					"-Wextra",
					"-pedantic",
				);
				GCC_PREPROCESSOR_DEFINITIONS = "CC1_INCLUDE_DIR=\\\"$(SRCROOT)/lib\\\"";
				DEBUG_INFORMATION_FORMAT = dwarf;
				GCC_OPTIMIZATION_LEVEL = 0;
			};
			name = Debug;
		};
		2F8B875950BC537D3FE716B9 /* Release */ = {
			isa = XCBuildConfiguration;
			buildSettings = {
				ALWAYS_SEARCH_USER_PATHS = NO;
				OBJROOT = "$(TMPDIR)/ride-xcode";
				SYMROOT = "$(TMPDIR)/ride-xcode";
				CLANG_CXX_LANGUAGE_STANDARD = "c++14";
				CLANG_ENABLE_OBJC_ARC = YES;
				CLANG_WARN_IMPLICIT_SIGN_CONVERSION = NO;
				CODE_SIGN_STYLE = Automatic;
				GCC_TREAT_WARNINGS_AS_ERRORS = YES;
				GCC_WARN_64_TO_32_BIT_CONVERSION = NO;
				MACOSX_DEPLOYMENT_TARGET = 12.0;
				PRODUCT_NAME = c90.exe;
				SDKROOT = macosx;
				USER_HEADER_SEARCH_PATHS = "$(SRCROOT)/src $(SRCROOT)/lib";
				WARNING_CFLAGS = (
					"-Wall",
					"-Wextra",
					"-pedantic",
				);
				GCC_PREPROCESSOR_DEFINITIONS = "CC1_INCLUDE_DIR=\\\"$(SRCROOT)/lib\\\"";
				DEBUG_INFORMATION_FORMAT = "dwarf-with-dsym";
				GCC_OPTIMIZATION_LEVEL = 2;
			};
			name = Release;
		};
/* End XCBuildConfiguration section */

/* Begin XCConfigurationList section */
		234DBBD2EE4E522A0082CD04 /* project */ = {
			isa = XCConfigurationList;
			buildConfigurations = (
				1F68F3B9894D2BDA40CF828C /* Debug */,
				0974E9CE8AD9E8232E931333 /* Release */,
			);
			defaultConfigurationIsVisible = 0;
			defaultConfigurationName = Debug;
		};
		F93746C21E322605EAF0104F /* target */ = {
			isa = XCConfigurationList;
			buildConfigurations = (
				EA8D1C4B7FA83EB6F35635F3 /* Debug */,
				2F8B875950BC537D3FE716B9 /* Release */,
			);
			defaultConfigurationIsVisible = 0;
			defaultConfigurationName = Debug;
		};
/* End XCConfigurationList section */
	};
	rootObject = FE039D60B6E3A9CCB84F63DF /* Project object */;
}
